// !$*UTF8*$!
{
	archiveVersion = 1;
	classes = {
	};
	objectVersion = 46;
	objects = {

/* Begin PBXBuildFile section */
		9303982A1AB2AE9900577048 /* constants.h in Headers */ = {isa = PBXBuildFile; fileRef = 930398291AB2AE9500577048 /* constants.h */; };
		9303982B1AB2AE9900577048 /* constants.h in Headers */ = {isa = PBXBuildFile; fileRef = 930398291AB2AE9500577048 /* constants.h */; };
		930398351AB2AEE700577048 /* utility.h in Headers */ = {isa = PBXBuildFile; fileRef = 930398341AB2AEE700577048 /* utility.h */; };
		930398361AB2AEE700577048 /* utility.h in Headers */ = {isa = PBXBuildFile; fileRef = 930398341AB2AEE700577048 /* utility.h */; };
		930398381AB2AEF400577048 /* enum.h in Headers */ = {isa = PBXBuildFile; fileRef = 930398371AB2AEF400577048 /* enum.h */; };
		930398391AB2AEF400577048 /* enum.h in Headers */ = {isa = PBXBuildFile; fileRef = 930398371AB2AEF400577048 /* enum.h */; };
		930398531AB2B1BD00577048 /* plane_test.cc in Sources */ = {isa = PBXBuildFile; fileRef = 930398501AB2B1BD00577048 /* plane_test.cc */; };
		930398541AB2B1BD00577048 /* size_test.cc in Sources */ = {isa = PBXBuildFile; fileRef = 930398511AB2B1BD00577048 /* size_test.cc */; };
		930398551AB2B1BD00577048 /* vector_test.cc in Sources */ = {isa = PBXBuildFile; fileRef = 930398521AB2B1BD00577048 /* vector_test.cc */; };
		930D51EA1AD42B76006EEF1B /* color.h in Headers */ = {isa = PBXBuildFile; fileRef = 930D51E71AD42B76006EEF1B /* color.h */; };
		930D51EB1AD42B76006EEF1B /* color.h in Headers */ = {isa = PBXBuildFile; fileRef = 930D51E71AD42B76006EEF1B /* color.h */; };
		930D51EC1AD42B76006EEF1B /* color3.h in Headers */ = {isa = PBXBuildFile; fileRef = 930D51E81AD42B76006EEF1B /* color3.h */; };
		930D51ED1AD42B76006EEF1B /* color3.h in Headers */ = {isa = PBXBuildFile; fileRef = 930D51E81AD42B76006EEF1B /* color3.h */; };
		930D51EE1AD42B76006EEF1B /* color4.h in Headers */ = {isa = PBXBuildFile; fileRef = 930D51E91AD42B76006EEF1B /* color4.h */; };
		930D51EF1AD42B76006EEF1B /* color4.h in Headers */ = {isa = PBXBuildFile; fileRef = 930D51E91AD42B76006EEF1B /* color4.h */; };
		930D52021AD52BBF006EEF1B /* color_depth.h in Headers */ = {isa = PBXBuildFile; fileRef = 930D52001AD52BBF006EEF1B /* color_depth.h */; };
		931CCB8A1AD88A150047542F /* graphics.cc in Sources */ = {isa = PBXBuildFile; fileRef = 931CCB881AD88A150047542F /* graphics.cc */; };
		931CCB8B1AD88A150047542F /* graphics.cc in Sources */ = {isa = PBXBuildFile; fileRef = 931CCB881AD88A150047542F /* graphics.cc */; };
		931CCB8C1AD88A150047542F /* graphics.h in Headers */ = {isa = PBXBuildFile; fileRef = 931CCB891AD88A150047542F /* graphics.h */; };
		931CCB8D1AD88A150047542F /* graphics.h in Headers */ = {isa = PBXBuildFile; fileRef = 931CCB891AD88A150047542F /* graphics.h */; };
		93229E6D1ACD6DDA008D27EA /* singleton.h in Headers */ = {isa = PBXBuildFile; fileRef = 93229E6C1ACD6DDA008D27EA /* singleton.h */; };
		93229E6E1ACD6DDA008D27EA /* singleton.h in Headers */ = {isa = PBXBuildFile; fileRef = 93229E6C1ACD6DDA008D27EA /* singleton.h */; };
		93229E711ACEAF05008D27EA /* null_mutex.h in Headers */ = {isa = PBXBuildFile; fileRef = 93229E701ACEAF05008D27EA /* null_mutex.h */; };
		93229E8C1AD23BB4008D27EA /* SLSUIRunnerView.h in Headers */ = {isa = PBXBuildFile; fileRef = 93229E8A1AD23BB4008D27EA /* SLSUIRunnerView.h */; settings = {ATTRIBUTES = (Public, ); }; };
		93229E8D1AD23BB4008D27EA /* SLSUIRunnerView.mm in Sources */ = {isa = PBXBuildFile; fileRef = 93229E8B1AD23BB4008D27EA /* SLSUIRunnerView.mm */; };
		93229E901AD23DF3008D27EA /* SLSUIApplicationDelegate.h in Headers */ = {isa = PBXBuildFile; fileRef = 93229E8E1AD23DF3008D27EA /* SLSUIApplicationDelegate.h */; settings = {ATTRIBUTES = (Public, ); }; };
		93229E911AD23DF3008D27EA /* SLSUIApplicationDelegate.mm in Sources */ = {isa = PBXBuildFile; fileRef = 93229E8F1AD23DF3008D27EA /* SLSUIApplicationDelegate.mm */; };
		93229EC71AD2409E008D27EA /* SLSUIApplicationMain.mm in Sources */ = {isa = PBXBuildFile; fileRef = 93229EC61AD2409E008D27EA /* SLSUIApplicationMain.mm */; };
		93229ED31AD2428E008D27EA /* SLSUIRunnerViewController.h in Headers */ = {isa = PBXBuildFile; fileRef = 93229ED01AD2428D008D27EA /* SLSUIRunnerViewController.h */; settings = {ATTRIBUTES = (Public, ); }; };
		93229ED41AD2428E008D27EA /* SLSUIRunnerViewController.m in Sources */ = {isa = PBXBuildFile; fileRef = 93229ED11AD2428D008D27EA /* SLSUIRunnerViewController.m */; };
		93229ED51AD2428E008D27EA /* SLSUIRunnerViewController.xib in Resources */ = {isa = PBXBuildFile; fileRef = 93229ED21AD2428D008D27EA /* SLSUIRunnerViewController.xib */; };
		933803231AD88BA800F41F92 /* style.h in Headers */ = {isa = PBXBuildFile; fileRef = 933803221AD88BA800F41F92 /* style.h */; };
		933803241AD88BA800F41F92 /* style.h in Headers */ = {isa = PBXBuildFile; fileRef = 933803221AD88BA800F41F92 /* style.h */; };
		933803271AD88DC200F41F92 /* font.cc in Sources */ = {isa = PBXBuildFile; fileRef = 933803251AD88DC200F41F92 /* font.cc */; };
		933803281AD88DC200F41F92 /* font.cc in Sources */ = {isa = PBXBuildFile; fileRef = 933803251AD88DC200F41F92 /* font.cc */; };
		933803291AD88DC200F41F92 /* font.h in Headers */ = {isa = PBXBuildFile; fileRef = 933803261AD88DC200F41F92 /* font.h */; };
		9338032A1AD88DC200F41F92 /* font.h in Headers */ = {isa = PBXBuildFile; fileRef = 933803261AD88DC200F41F92 /* font.h */; };
		933803331AD8B7EC00F41F92 /* core.mm in Sources */ = {isa = PBXBuildFile; fileRef = 933803311AD8B7EC00F41F92 /* core.mm */; };
		933803341AD8B7EC00F41F92 /* core.mm in Sources */ = {isa = PBXBuildFile; fileRef = 933803311AD8B7EC00F41F92 /* core.mm */; };
		933803351AD8B7EC00F41F92 /* core.h in Headers */ = {isa = PBXBuildFile; fileRef = 933803321AD8B7EC00F41F92 /* core.h */; };
		933803361AD8B7EC00F41F92 /* core.h in Headers */ = {isa = PBXBuildFile; fileRef = 933803321AD8B7EC00F41F92 /* core.h */; };
		934FAAA41AD6E21600FACF2E /* math.h in Headers */ = {isa = PBXBuildFile; fileRef = 934FAAA21AD6E21600FACF2E /* math.h */; };
		934FAAA51AD6E21600FACF2E /* math.h in Headers */ = {isa = PBXBuildFile; fileRef = 934FAAA21AD6E21600FACF2E /* math.h */; };
		934FAAA61AD6E21600FACF2E /* processing.h in Headers */ = {isa = PBXBuildFile; fileRef = 934FAAA31AD6E21600FACF2E /* processing.h */; };
		934FAAA71AD6E21600FACF2E /* processing.h in Headers */ = {isa = PBXBuildFile; fileRef = 934FAAA31AD6E21600FACF2E /* processing.h */; };
		934FAAAB1AD6E28700FACF2E /* sketch.cc in Sources */ = {isa = PBXBuildFile; fileRef = 934FAAA91AD6E28700FACF2E /* sketch.cc */; };
		934FAAAC1AD6E28700FACF2E /* sketch.cc in Sources */ = {isa = PBXBuildFile; fileRef = 934FAAA91AD6E28700FACF2E /* sketch.cc */; };
		934FAAAD1AD6E28700FACF2E /* sketch.h in Headers */ = {isa = PBXBuildFile; fileRef = 934FAAAA1AD6E28700FACF2E /* sketch.h */; };
		934FAAAE1AD6E28700FACF2E /* sketch.h in Headers */ = {isa = PBXBuildFile; fileRef = 934FAAAA1AD6E28700FACF2E /* sketch.h */; };
		934FAAB11AD6E29200FACF2E /* layer.cc in Sources */ = {isa = PBXBuildFile; fileRef = 934FAAAF1AD6E29200FACF2E /* layer.cc */; };
		934FAAB21AD6E29200FACF2E /* layer.cc in Sources */ = {isa = PBXBuildFile; fileRef = 934FAAAF1AD6E29200FACF2E /* layer.cc */; };
		934FAAB31AD6E29200FACF2E /* layer.h in Headers */ = {isa = PBXBuildFile; fileRef = 934FAAB01AD6E29200FACF2E /* layer.h */; };
		934FAAB41AD6E29200FACF2E /* layer.h in Headers */ = {isa = PBXBuildFile; fileRef = 934FAAB01AD6E29200FACF2E /* layer.h */; };
		938987DC1AD4AA0900DEC9E9 /* boost.framework in Frameworks */ = {isa = PBXBuildFile; fileRef = 93A45B351AD0D23700969DC2 /* boost.framework */; };
		938A07ED1AB2D7E700CAE8CA /* Solas.framework in Frameworks */ = {isa = PBXBuildFile; fileRef = 93E913581AB27DE400DDF7F9 /* Solas.framework */; };
		939E963E1AD250AF00A7E21E /* runner_factory.cc in Sources */ = {isa = PBXBuildFile; fileRef = 939E963A1AD250AF00A7E21E /* runner_factory.cc */; };
		939E963F1AD250AF00A7E21E /* runner_factory.cc in Sources */ = {isa = PBXBuildFile; fileRef = 939E963A1AD250AF00A7E21E /* runner_factory.cc */; };
		939E96401AD250AF00A7E21E /* runner_factory.h in Headers */ = {isa = PBXBuildFile; fileRef = 939E963B1AD250AF00A7E21E /* runner_factory.h */; };
		939E96411AD250AF00A7E21E /* runner_factory.h in Headers */ = {isa = PBXBuildFile; fileRef = 939E963B1AD250AF00A7E21E /* runner_factory.h */; };
		939E96811AD384C500A7E21E /* SLSRunnerLayer.h in Headers */ = {isa = PBXBuildFile; fileRef = 939E967F1AD384C500A7E21E /* SLSRunnerLayer.h */; settings = {ATTRIBUTES = (Public, ); }; };
		939E96821AD384C500A7E21E /* SLSRunnerLayer.h in Headers */ = {isa = PBXBuildFile; fileRef = 939E967F1AD384C500A7E21E /* SLSRunnerLayer.h */; settings = {ATTRIBUTES = (Public, ); }; };
		939E96831AD384C500A7E21E /* SLSRunnerLayer.mm in Sources */ = {isa = PBXBuildFile; fileRef = 939E96801AD384C500A7E21E /* SLSRunnerLayer.mm */; };
		939E96841AD384C500A7E21E /* SLSRunnerLayer.mm in Sources */ = {isa = PBXBuildFile; fileRef = 939E96801AD384C500A7E21E /* SLSRunnerLayer.mm */; };
		939E96861AD3864600A7E21E /* SLSCADisplayLink.m in Sources */ = {isa = PBXBuildFile; fileRef = 939E96851AD3864600A7E21E /* SLSCADisplayLink.m */; };
		939E968A1AD391F800A7E21E /* SLSCVDisplayLink.mm in Sources */ = {isa = PBXBuildFile; fileRef = 938987D71AD21F2000DEC9E9 /* SLSCVDisplayLink.mm */; settings = {COMPILER_FLAGS = "-fno-objc-arc"; }; };
		93A45B271AD0CE1E00969DC2 /* null_mutex.h in Headers */ = {isa = PBXBuildFile; fileRef = 93229E701ACEAF05008D27EA /* null_mutex.h */; };
		93A45B281AD0CE2500969DC2 /* promotion.h in Headers */ = {isa = PBXBuildFile; fileRef = 93A9C0011ACC4DBC0081D3A0 /* promotion.h */; };
		93A45B291AD0CE2500969DC2 /* random.h in Headers */ = {isa = PBXBuildFile; fileRef = 93229E5F1ACD2FE6008D27EA /* random.h */; };
		93A45B2A1AD0CE2500969DC2 /* axis.h in Headers */ = {isa = PBXBuildFile; fileRef = 93229E721ACECD00008D27EA /* axis.h */; };
		93A45B2B1AD0CE2500969DC2 /* polygon.h in Headers */ = {isa = PBXBuildFile; fileRef = 93A9C00A1ACF63060081D3A0 /* polygon.h */; };
		93A45B2D1AD0CE2500969DC2 /* promotion.h in Headers */ = {isa = PBXBuildFile; fileRef = 93A9C0011ACC4DBC0081D3A0 /* promotion.h */; };
		93A45B2E1AD0CE2500969DC2 /* random.h in Headers */ = {isa = PBXBuildFile; fileRef = 93229E5F1ACD2FE6008D27EA /* random.h */; };
		93A45B2F1AD0CE2500969DC2 /* axis.h in Headers */ = {isa = PBXBuildFile; fileRef = 93229E721ACECD00008D27EA /* axis.h */; };
		93A45B301AD0CE2900969DC2 /* graphics.h in Headers */ = {isa = PBXBuildFile; fileRef = 93F38E461AB5FA8B009E3626 /* graphics.h */; };
		93A45B331AD0CE2F00969DC2 /* benchmark.h in Headers */ = {isa = PBXBuildFile; fileRef = 938A07E41AB2D41D00CAE8CA /* benchmark.h */; };
		93A45B341AD0CE2F00969DC2 /* benchmark.h in Headers */ = {isa = PBXBuildFile; fileRef = 938A07E41AB2D41D00CAE8CA /* benchmark.h */; };
		93A45B361AD0D23700969DC2 /* boost.framework in Frameworks */ = {isa = PBXBuildFile; fileRef = 93A45B351AD0D23700969DC2 /* boost.framework */; };
		93A45B381AD0D25300969DC2 /* boost.framework in Frameworks */ = {isa = PBXBuildFile; fileRef = 93A45B371AD0D25300969DC2 /* boost.framework */; };
		93A45B3E1AD0D32B00969DC2 /* GLKit.framework in Frameworks */ = {isa = PBXBuildFile; fileRef = 93A45B3D1AD0D32B00969DC2 /* GLKit.framework */; };
		93A45B401AD0D33800969DC2 /* UIKit.framework in Frameworks */ = {isa = PBXBuildFile; fileRef = 93A45B3F1AD0D33700969DC2 /* UIKit.framework */; };
		93A45B461AD1438900969DC2 /* app.h in Headers */ = {isa = PBXBuildFile; fileRef = 93A45B451AD1438900969DC2 /* app.h */; };
		93A45B541AD14C4400969DC2 /* gesture_event.h in Headers */ = {isa = PBXBuildFile; fileRef = 93A45B4F1AD14C4400969DC2 /* gesture_event.h */; };
		93A45B551AD14C4400969DC2 /* gesture_event.h in Headers */ = {isa = PBXBuildFile; fileRef = 93A45B4F1AD14C4400969DC2 /* gesture_event.h */; };
		93A45B561AD14C4400969DC2 /* key_event.h in Headers */ = {isa = PBXBuildFile; fileRef = 93A45B501AD14C4400969DC2 /* key_event.h */; };
		93A45B571AD14C4400969DC2 /* key_event.h in Headers */ = {isa = PBXBuildFile; fileRef = 93A45B501AD14C4400969DC2 /* key_event.h */; };
		93A45B581AD14C4400969DC2 /* motion_event.h in Headers */ = {isa = PBXBuildFile; fileRef = 93A45B511AD14C4400969DC2 /* motion_event.h */; };
		93A45B591AD14C4400969DC2 /* motion_event.h in Headers */ = {isa = PBXBuildFile; fileRef = 93A45B511AD14C4400969DC2 /* motion_event.h */; };
		93A45B5A1AD14C4400969DC2 /* mouse_event.h in Headers */ = {isa = PBXBuildFile; fileRef = 93A45B521AD14C4400969DC2 /* mouse_event.h */; };
		93A45B5B1AD14C4400969DC2 /* mouse_event.h in Headers */ = {isa = PBXBuildFile; fileRef = 93A45B521AD14C4400969DC2 /* mouse_event.h */; };
		93A45B5C1AD14C4400969DC2 /* touch_event.h in Headers */ = {isa = PBXBuildFile; fileRef = 93A45B531AD14C4400969DC2 /* touch_event.h */; };
		93A45B5D1AD14C4400969DC2 /* touch_event.h in Headers */ = {isa = PBXBuildFile; fileRef = 93A45B531AD14C4400969DC2 /* touch_event.h */; };
		93A9BFFE1AC99A430081D3A0 /* benchmark.cc in Sources */ = {isa = PBXBuildFile; fileRef = 93A9BFFD1AC99A430081D3A0 /* benchmark.cc */; };
		93A9BFFF1AC99A430081D3A0 /* benchmark.cc in Sources */ = {isa = PBXBuildFile; fileRef = 93A9BFFD1AC99A430081D3A0 /* benchmark.cc */; };
		93A9C0071ACF59260081D3A0 /* SLSNSRunnerView.h in Headers */ = {isa = PBXBuildFile; fileRef = 93A9C0051ACF59260081D3A0 /* SLSNSRunnerView.h */; settings = {ATTRIBUTES = (Public, ); }; };
		93A9C0081ACF59260081D3A0 /* SLSNSRunnerView.mm in Sources */ = {isa = PBXBuildFile; fileRef = 93A9C0061ACF59260081D3A0 /* SLSNSRunnerView.mm */; };
		93A9C00C1ACF63060081D3A0 /* polygon.h in Headers */ = {isa = PBXBuildFile; fileRef = 93A9C00A1ACF63060081D3A0 /* polygon.h */; };
		93B707DB1AD692DF00E3E8AA /* app_event.h in Headers */ = {isa = PBXBuildFile; fileRef = 93B707DA1AD692DF00E3E8AA /* app_event.h */; };
		93BE2F3C1ADA1A7500175565 /* path.cc in Sources */ = {isa = PBXBuildFile; fileRef = 93BE2F3A1ADA1A7500175565 /* path.cc */; };
		93BE2F3D1ADA1A7500175565 /* path.h in Headers */ = {isa = PBXBuildFile; fileRef = 93BE2F3B1ADA1A7500175565 /* path.h */; };
		93BE2F3E1ADA1A7800175565 /* path.cc in Sources */ = {isa = PBXBuildFile; fileRef = 93BE2F3A1ADA1A7500175565 /* path.cc */; };
		93BE2F411ADA1A8100175565 /* shape.cc in Sources */ = {isa = PBXBuildFile; fileRef = 93BE2F3F1ADA1A8100175565 /* shape.cc */; };
		93BE2F421ADA1A8100175565 /* shape.cc in Sources */ = {isa = PBXBuildFile; fileRef = 93BE2F3F1ADA1A8100175565 /* shape.cc */; };
		93BE2F431ADA1A8100175565 /* shape.h in Headers */ = {isa = PBXBuildFile; fileRef = 93BE2F401ADA1A8100175565 /* shape.h */; };
		93BE2F441ADA1A8100175565 /* shape.h in Headers */ = {isa = PBXBuildFile; fileRef = 93BE2F401ADA1A8100175565 /* shape.h */; };
		93CAA60C1AD191DC005EDC09 /* SLSRunner.h in Headers */ = {isa = PBXBuildFile; fileRef = 93CAA60A1AD191DC005EDC09 /* SLSRunner.h */; settings = {ATTRIBUTES = (Public, ); }; };
		93CAA60D1AD191DC005EDC09 /* SLSRunner.h in Headers */ = {isa = PBXBuildFile; fileRef = 93CAA60A1AD191DC005EDC09 /* SLSRunner.h */; settings = {ATTRIBUTES = (Public, ); }; };
		93CAA60E1AD191DC005EDC09 /* SLSRunner.mm in Sources */ = {isa = PBXBuildFile; fileRef = 93CAA60B1AD191DC005EDC09 /* SLSRunner.mm */; };
		93CAA60F1AD191DC005EDC09 /* SLSRunner.mm in Sources */ = {isa = PBXBuildFile; fileRef = 93CAA60B1AD191DC005EDC09 /* SLSRunner.mm */; };
		93CAA6101AD191E4005EDC09 /* SLSEventDelegate.h in Headers */ = {isa = PBXBuildFile; fileRef = 93A45B5F1AD1546300969DC2 /* SLSEventDelegate.h */; settings = {ATTRIBUTES = (Public, ); }; };
		93CAA6111AD191E4005EDC09 /* SLSEvents.h in Headers */ = {isa = PBXBuildFile; fileRef = 93A45B5E1AD14DC200969DC2 /* SLSEvents.h */; settings = {ATTRIBUTES = (Public, ); }; };
		93CAA6131AD191E5005EDC09 /* SLSEventDelegate.h in Headers */ = {isa = PBXBuildFile; fileRef = 93A45B5F1AD1546300969DC2 /* SLSEventDelegate.h */; settings = {ATTRIBUTES = (Public, ); }; };
		93CAA6141AD191E5005EDC09 /* SLSEvents.h in Headers */ = {isa = PBXBuildFile; fileRef = 93A45B5E1AD14DC200969DC2 /* SLSEvents.h */; settings = {ATTRIBUTES = (Public, ); }; };
		93CAA61B1AD19BE3005EDC09 /* SLSNSRunnerWindowController.h in Headers */ = {isa = PBXBuildFile; fileRef = 93CAA6181AD19BE3005EDC09 /* SLSNSRunnerWindowController.h */; settings = {ATTRIBUTES = (Public, ); }; };
		93CAA61D1AD19BE3005EDC09 /* SLSNSRunnerWindowController.m in Sources */ = {isa = PBXBuildFile; fileRef = 93CAA6191AD19BE3005EDC09 /* SLSNSRunnerWindowController.m */; };
		93CAA61F1AD19BE3005EDC09 /* SLSNSRunnerWindowController.xib in Resources */ = {isa = PBXBuildFile; fileRef = 93CAA61A1AD19BE3005EDC09 /* SLSNSRunnerWindowController.xib */; };
		93CAA6251AD19C8D005EDC09 /* Foundation.framework in Frameworks */ = {isa = PBXBuildFile; fileRef = 93CAA6241AD19C8C005EDC09 /* Foundation.framework */; };
		93CAA6271AD19CA2005EDC09 /* Foundation.framework in Frameworks */ = {isa = PBXBuildFile; fileRef = 93CAA6261AD19CA1005EDC09 /* Foundation.framework */; };
		93CAA6291AD19CB0005EDC09 /* CoreGraphics.framework in Frameworks */ = {isa = PBXBuildFile; fileRef = 93CAA6281AD19CB0005EDC09 /* CoreGraphics.framework */; };
		93CAA62B1AD19CC1005EDC09 /* CoreGraphics.framework in Frameworks */ = {isa = PBXBuildFile; fileRef = 93CAA62A1AD19CC0005EDC09 /* CoreGraphics.framework */; };
		93CAA62D1AD19CDF005EDC09 /* QuartzCore.framework in Frameworks */ = {isa = PBXBuildFile; fileRef = 93CAA62C1AD19CDE005EDC09 /* QuartzCore.framework */; };
		93CAA62F1AD19CEC005EDC09 /* QuartzCore.framework in Frameworks */ = {isa = PBXBuildFile; fileRef = 93CAA62E1AD19CEC005EDC09 /* QuartzCore.framework */; };
		93CAA6361AD1A2A5005EDC09 /* SLSNSApplicationDelegate.h in Headers */ = {isa = PBXBuildFile; fileRef = 93CAA6341AD1A2A5005EDC09 /* SLSNSApplicationDelegate.h */; settings = {ATTRIBUTES = (Public, ); }; };
		93CAA6381AD1A2A5005EDC09 /* SLSNSApplicationDelegate.mm in Sources */ = {isa = PBXBuildFile; fileRef = 93CAA6351AD1A2A5005EDC09 /* SLSNSApplicationDelegate.mm */; };
		93CAA6471AD1A843005EDC09 /* SLSNSBundle+Bundle.h in Headers */ = {isa = PBXBuildFile; fileRef = 93CAA6451AD1A843005EDC09 /* SLSNSBundle+Bundle.h */; settings = {ATTRIBUTES = (Public, ); }; };
		93CAA6481AD1A843005EDC09 /* SLSNSBundle+Bundle.h in Headers */ = {isa = PBXBuildFile; fileRef = 93CAA6451AD1A843005EDC09 /* SLSNSBundle+Bundle.h */; settings = {ATTRIBUTES = (Public, ); }; };
		93CAA6491AD1A843005EDC09 /* SLSNSBundle+Bundle.m in Sources */ = {isa = PBXBuildFile; fileRef = 93CAA6461AD1A843005EDC09 /* SLSNSBundle+Bundle.m */; };
		93CAA64A1AD1A843005EDC09 /* SLSNSBundle+Bundle.m in Sources */ = {isa = PBXBuildFile; fileRef = 93CAA6461AD1A843005EDC09 /* SLSNSBundle+Bundle.m */; };
		93CAA64D1AD1AD4B005EDC09 /* SLSApplicationMain.h in Headers */ = {isa = PBXBuildFile; fileRef = 93CAA64B1AD1AD4B005EDC09 /* SLSApplicationMain.h */; settings = {ATTRIBUTES = (Public, ); }; };
		93CAA64F1AD1AD4B005EDC09 /* SLSNSApplicationMain.mm in Sources */ = {isa = PBXBuildFile; fileRef = 93CAA64C1AD1AD4B005EDC09 /* SLSNSApplicationMain.mm */; };
		93CAA6541AD1AE32005EDC09 /* run.mm in Sources */ = {isa = PBXBuildFile; fileRef = 93CAA6531AD1AE32005EDC09 /* run.mm */; };
		93CAA6551AD1AE32005EDC09 /* run.mm in Sources */ = {isa = PBXBuildFile; fileRef = 93CAA6531AD1AE32005EDC09 /* run.mm */; };
		93CAA6571AD1AF01005EDC09 /* SLSNSApplication.xib in Resources */ = {isa = PBXBuildFile; fileRef = 93CAA6561AD1AF01005EDC09 /* SLSNSApplication.xib */; };
		93E913951AB27FE600DDF7F9 /* AppKit.framework in Frameworks */ = {isa = PBXBuildFile; fileRef = 93F3BCB81AA2215A00FBF369 /* AppKit.framework */; };
		93E913A11AB2807E00DDF7F9 /* GLKit.framework in Frameworks */ = {isa = PBXBuildFile; fileRef = 93E913A01AB2807E00DDF7F9 /* GLKit.framework */; };
		93E913CA1AB2811500DDF7F9 /* line.h in Headers */ = {isa = PBXBuildFile; fileRef = 93E913AA1AB2811500DDF7F9 /* line.h */; };
		93E913CB1AB2811500DDF7F9 /* line.h in Headers */ = {isa = PBXBuildFile; fileRef = 93E913AA1AB2811500DDF7F9 /* line.h */; };
		93E913CE1AB2811500DDF7F9 /* plane.h in Headers */ = {isa = PBXBuildFile; fileRef = 93E913AC1AB2811500DDF7F9 /* plane.h */; };
		93E913CF1AB2811500DDF7F9 /* plane.h in Headers */ = {isa = PBXBuildFile; fileRef = 93E913AC1AB2811500DDF7F9 /* plane.h */; };
		93E913D41AB2811500DDF7F9 /* rect.h in Headers */ = {isa = PBXBuildFile; fileRef = 93E913AF1AB2811500DDF7F9 /* rect.h */; };
		93E913D51AB2811500DDF7F9 /* rect.h in Headers */ = {isa = PBXBuildFile; fileRef = 93E913AF1AB2811500DDF7F9 /* rect.h */; };
		93E913D61AB2811500DDF7F9 /* size.h in Headers */ = {isa = PBXBuildFile; fileRef = 93E913B01AB2811500DDF7F9 /* size.h */; };
		93E913D71AB2811500DDF7F9 /* size.h in Headers */ = {isa = PBXBuildFile; fileRef = 93E913B01AB2811500DDF7F9 /* size.h */; };
		93E913D81AB2811500DDF7F9 /* size2.h in Headers */ = {isa = PBXBuildFile; fileRef = 93E913B11AB2811500DDF7F9 /* size2.h */; };
		93E913D91AB2811500DDF7F9 /* size2.h in Headers */ = {isa = PBXBuildFile; fileRef = 93E913B11AB2811500DDF7F9 /* size2.h */; };
		93E913DA1AB2811500DDF7F9 /* size3.h in Headers */ = {isa = PBXBuildFile; fileRef = 93E913B21AB2811500DDF7F9 /* size3.h */; };
		93E913DB1AB2811500DDF7F9 /* size3.h in Headers */ = {isa = PBXBuildFile; fileRef = 93E913B21AB2811500DDF7F9 /* size3.h */; };
		93E913DE1AB2811500DDF7F9 /* sphere.h in Headers */ = {isa = PBXBuildFile; fileRef = 93E913B41AB2811500DDF7F9 /* sphere.h */; };
		93E913DF1AB2811500DDF7F9 /* sphere.h in Headers */ = {isa = PBXBuildFile; fileRef = 93E913B41AB2811500DDF7F9 /* sphere.h */; };
		93E913E21AB2811500DDF7F9 /* triangle.h in Headers */ = {isa = PBXBuildFile; fileRef = 93E913B61AB2811500DDF7F9 /* triangle.h */; };
		93E913E31AB2811500DDF7F9 /* triangle.h in Headers */ = {isa = PBXBuildFile; fileRef = 93E913B61AB2811500DDF7F9 /* triangle.h */; };
		93E913E41AB2811500DDF7F9 /* vector.h in Headers */ = {isa = PBXBuildFile; fileRef = 93E913B71AB2811500DDF7F9 /* vector.h */; };
		93E913E51AB2811500DDF7F9 /* vector.h in Headers */ = {isa = PBXBuildFile; fileRef = 93E913B71AB2811500DDF7F9 /* vector.h */; };
		93E913E61AB2811500DDF7F9 /* vector2.h in Headers */ = {isa = PBXBuildFile; fileRef = 93E913B81AB2811500DDF7F9 /* vector2.h */; };
		93E913E71AB2811500DDF7F9 /* vector2.h in Headers */ = {isa = PBXBuildFile; fileRef = 93E913B81AB2811500DDF7F9 /* vector2.h */; };
		93E913E81AB2811500DDF7F9 /* vector3.h in Headers */ = {isa = PBXBuildFile; fileRef = 93E913B91AB2811500DDF7F9 /* vector3.h */; };
		93E913E91AB2811500DDF7F9 /* vector3.h in Headers */ = {isa = PBXBuildFile; fileRef = 93E913B91AB2811500DDF7F9 /* vector3.h */; };
		93E913EA1AB2811500DDF7F9 /* vector4.h in Headers */ = {isa = PBXBuildFile; fileRef = 93E913BA1AB2811500DDF7F9 /* vector4.h */; };
		93E913EB1AB2811500DDF7F9 /* vector4.h in Headers */ = {isa = PBXBuildFile; fileRef = 93E913BA1AB2811500DDF7F9 /* vector4.h */; };
		93E913EC1AB2811500DDF7F9 /* math.h in Headers */ = {isa = PBXBuildFile; fileRef = 93E913BB1AB2811500DDF7F9 /* math.h */; };
		93E913ED1AB2811500DDF7F9 /* math.h in Headers */ = {isa = PBXBuildFile; fileRef = 93E913BB1AB2811500DDF7F9 /* math.h */; };
		93EBABAF1AD97CED00BF8959 /* SLSDefines.h in Headers */ = {isa = PBXBuildFile; fileRef = 93FEF9441AD94669009D0646 /* SLSDefines.h */; settings = {ATTRIBUTES = (Public, ); }; };
		93EBABB01AD97CED00BF8959 /* SLSDisplayDelegate.h in Headers */ = {isa = PBXBuildFile; fileRef = 939E96891AD38BB300A7E21E /* SLSDisplayDelegate.h */; settings = {ATTRIBUTES = (Public, ); }; };
		93EBABB11AD97CED00BF8959 /* SLSDisplayLink.h in Headers */ = {isa = PBXBuildFile; fileRef = 938987D61AD21F2000DEC9E9 /* SLSDisplayLink.h */; settings = {ATTRIBUTES = (Public, ); }; };
		93EBABB21AD97CEE00BF8959 /* SLSDefines.h in Headers */ = {isa = PBXBuildFile; fileRef = 93FEF9441AD94669009D0646 /* SLSDefines.h */; settings = {ATTRIBUTES = (Public, ); }; };
		93EBABB31AD97CEE00BF8959 /* SLSDisplayDelegate.h in Headers */ = {isa = PBXBuildFile; fileRef = 939E96891AD38BB300A7E21E /* SLSDisplayDelegate.h */; settings = {ATTRIBUTES = (Public, ); }; };
		93EBABB41AD97CEE00BF8959 /* SLSDisplayLink.h in Headers */ = {isa = PBXBuildFile; fileRef = 938987D61AD21F2000DEC9E9 /* SLSDisplayLink.h */; settings = {ATTRIBUTES = (Public, ); }; };
		93EBABB51AD97CEE00BF8959 /* SLSApplicationMain.h in Headers */ = {isa = PBXBuildFile; fileRef = 93CAA64B1AD1AD4B005EDC09 /* SLSApplicationMain.h */; settings = {ATTRIBUTES = (Public, ); }; };
		93EFE0761AB350E900148E7C /* rect_test.cc in Sources */ = {isa = PBXBuildFile; fileRef = 93EFE0751AB350E900148E7C /* rect_test.cc */; };
		93F38E381AB56D2D009E3626 /* sphere_test.cc in Sources */ = {isa = PBXBuildFile; fileRef = 93F38E371AB56D2D009E3626 /* sphere_test.cc */; };
		93F38E3C1AB56DE8009E3626 /* line2.h in Headers */ = {isa = PBXBuildFile; fileRef = 93F38E391AB56DE8009E3626 /* line2.h */; };
		93F38E3D1AB56DE8009E3626 /* line3.h in Headers */ = {isa = PBXBuildFile; fileRef = 93F38E3A1AB56DE8009E3626 /* line3.h */; };
		93F38E411AB5F859009E3626 /* triangle2.h in Headers */ = {isa = PBXBuildFile; fileRef = 93F38E3F1AB5F859009E3626 /* triangle2.h */; };
		93F38E421AB5F859009E3626 /* triangle3.h in Headers */ = {isa = PBXBuildFile; fileRef = 93F38E401AB5F859009E3626 /* triangle3.h */; };
		93F38E471AB5FA8B009E3626 /* graphics.h in Headers */ = {isa = PBXBuildFile; fileRef = 93F38E461AB5FA8B009E3626 /* graphics.h */; };
		93F38E8D1AB60972009E3626 /* dispatch.h in Headers */ = {isa = PBXBuildFile; fileRef = 93F38E861AB60972009E3626 /* dispatch.h */; };
		93F38E8E1AB60972009E3626 /* dispatch.h in Headers */ = {isa = PBXBuildFile; fileRef = 93F38E861AB60972009E3626 /* dispatch.h */; };
		93F38E8F1AB60972009E3626 /* dispatch.mm in Sources */ = {isa = PBXBuildFile; fileRef = 93F38E871AB60972009E3626 /* dispatch.mm */; };
		93F38E901AB60972009E3626 /* dispatch.mm in Sources */ = {isa = PBXBuildFile; fileRef = 93F38E871AB60972009E3626 /* dispatch.mm */; };
		93F38E911AB60972009E3626 /* thread.h in Headers */ = {isa = PBXBuildFile; fileRef = 93F38E881AB60972009E3626 /* thread.h */; };
		93F38E921AB60972009E3626 /* thread.h in Headers */ = {isa = PBXBuildFile; fileRef = 93F38E881AB60972009E3626 /* thread.h */; };
		93FEF93D1AD941AF009D0646 /* SLSNSGraphicsContext.m in Sources */ = {isa = PBXBuildFile; fileRef = 93FEF93C1AD941AF009D0646 /* SLSNSGraphicsContext.m */; };
		93FEF9411AD941EA009D0646 /* SLSUIGraphicsContext.m in Sources */ = {isa = PBXBuildFile; fileRef = 93FEF9401AD941EA009D0646 /* SLSUIGraphicsContext.m */; };
		93FEF9421AD943CF009D0646 /* SLSGraphicsContext.h in Headers */ = {isa = PBXBuildFile; fileRef = 93FEF93F1AD941BD009D0646 /* SLSGraphicsContext.h */; settings = {ATTRIBUTES = (Public, ); }; };
		93FEF9431AD943CF009D0646 /* SLSGraphicsContext.h in Headers */ = {isa = PBXBuildFile; fileRef = 93FEF93F1AD941BD009D0646 /* SLSGraphicsContext.h */; settings = {ATTRIBUTES = (Public, ); }; };
		93FEF9A41AD97B2F009D0646 /* Solas.h in Headers */ = {isa = PBXBuildFile; fileRef = 93FEF9A21AD97B2A009D0646 /* Solas.h */; };
		93FEF9A51AD97B31009D0646 /* SolasTouch.h in Headers */ = {isa = PBXBuildFile; fileRef = 93FEF9A31AD97B2A009D0646 /* SolasTouch.h */; };
/* End PBXBuildFile section */

/* Begin PBXContainerItemProxy section */
		938A07EB1AB2D7E300CAE8CA /* PBXContainerItemProxy */ = {
			isa = PBXContainerItemProxy;
			containerPortal = 93F8AD6717C8B39800310877 /* Project object */;
			proxyType = 1;
			remoteGlobalIDString = 93E913571AB27DE400DDF7F9;
			remoteInfo = Solas;
		};
/* End PBXContainerItemProxy section */

/* Begin PBXCopyFilesBuildPhase section */
		930398471AB2B0DF00577048 /* CopyFiles */ = {
			isa = PBXCopyFilesBuildPhase;
			buildActionMask = 12;
			dstPath = "";
			dstSubfolderSpec = 0;
			files = (
			);
			runOnlyForDeploymentPostprocessing = 0;
		};
/* End PBXCopyFilesBuildPhase section */

/* Begin PBXFileReference section */
		930398291AB2AE9500577048 /* constants.h */ = {isa = PBXFileReference; lastKnownFileType = sourcecode.c.h; path = constants.h; sourceTree = "<group>"; };
		930398341AB2AEE700577048 /* utility.h */ = {isa = PBXFileReference; fileEncoding = 4; lastKnownFileType = sourcecode.c.h; path = utility.h; sourceTree = "<group>"; };
		930398371AB2AEF400577048 /* enum.h */ = {isa = PBXFileReference; fileEncoding = 4; lastKnownFileType = sourcecode.c.h; path = enum.h; sourceTree = "<group>"; };
		930398491AB2B0DF00577048 /* SolasTest */ = {isa = PBXFileReference; explicitFileType = "compiled.mach-o.executable"; includeInIndex = 0; path = SolasTest; sourceTree = BUILT_PRODUCTS_DIR; };
		930398501AB2B1BD00577048 /* plane_test.cc */ = {isa = PBXFileReference; fileEncoding = 4; lastKnownFileType = sourcecode.cpp.cpp; path = plane_test.cc; sourceTree = "<group>"; };
		930398511AB2B1BD00577048 /* size_test.cc */ = {isa = PBXFileReference; fileEncoding = 4; lastKnownFileType = sourcecode.cpp.cpp; path = size_test.cc; sourceTree = "<group>"; };
		930398521AB2B1BD00577048 /* vector_test.cc */ = {isa = PBXFileReference; fileEncoding = 4; lastKnownFileType = sourcecode.cpp.cpp; path = vector_test.cc; sourceTree = "<group>"; };
		930D51E21AD3CE4E006EEF1B /* context_holder.h */ = {isa = PBXFileReference; lastKnownFileType = sourcecode.c.h; path = context_holder.h; sourceTree = "<group>"; };
		930D51E71AD42B76006EEF1B /* color.h */ = {isa = PBXFileReference; fileEncoding = 4; lastKnownFileType = sourcecode.c.h; path = color.h; sourceTree = "<group>"; };
		930D51E81AD42B76006EEF1B /* color3.h */ = {isa = PBXFileReference; fileEncoding = 4; lastKnownFileType = sourcecode.c.h; path = color3.h; sourceTree = "<group>"; };
		930D51E91AD42B76006EEF1B /* color4.h */ = {isa = PBXFileReference; fileEncoding = 4; lastKnownFileType = sourcecode.c.h; path = color4.h; sourceTree = "<group>"; };
		930D52001AD52BBF006EEF1B /* color_depth.h */ = {isa = PBXFileReference; fileEncoding = 4; lastKnownFileType = sourcecode.c.h; path = color_depth.h; sourceTree = "<group>"; };
		930D52051AD5530F006EEF1B /* enablers.h */ = {isa = PBXFileReference; lastKnownFileType = sourcecode.c.h; path = enablers.h; sourceTree = "<group>"; };
		931CCB881AD88A150047542F /* graphics.cc */ = {isa = PBXFileReference; fileEncoding = 4; lastKnownFileType = sourcecode.cpp.cpp; path = graphics.cc; sourceTree = "<group>"; };
		931CCB891AD88A150047542F /* graphics.h */ = {isa = PBXFileReference; fileEncoding = 4; lastKnownFileType = sourcecode.c.h; path = graphics.h; sourceTree = "<group>"; };
		93229E5F1ACD2FE6008D27EA /* random.h */ = {isa = PBXFileReference; lastKnownFileType = sourcecode.c.h; path = random.h; sourceTree = "<group>"; };
		93229E6C1ACD6DDA008D27EA /* singleton.h */ = {isa = PBXFileReference; fileEncoding = 4; lastKnownFileType = sourcecode.c.h; path = singleton.h; sourceTree = "<group>"; };
		93229E701ACEAF05008D27EA /* null_mutex.h */ = {isa = PBXFileReference; fileEncoding = 4; lastKnownFileType = sourcecode.c.h; path = null_mutex.h; sourceTree = "<group>"; };
		93229E721ACECD00008D27EA /* axis.h */ = {isa = PBXFileReference; lastKnownFileType = sourcecode.c.h; path = axis.h; sourceTree = "<group>"; };
		93229E8A1AD23BB4008D27EA /* SLSUIRunnerView.h */ = {isa = PBXFileReference; fileEncoding = 4; lastKnownFileType = sourcecode.c.h; path = SLSUIRunnerView.h; sourceTree = "<group>"; };
		93229E8B1AD23BB4008D27EA /* SLSUIRunnerView.mm */ = {isa = PBXFileReference; fileEncoding = 4; lastKnownFileType = sourcecode.cpp.objcpp; path = SLSUIRunnerView.mm; sourceTree = "<group>"; };
		93229E8E1AD23DF3008D27EA /* SLSUIApplicationDelegate.h */ = {isa = PBXFileReference; fileEncoding = 4; lastKnownFileType = sourcecode.c.h; path = SLSUIApplicationDelegate.h; sourceTree = "<group>"; };
		93229E8F1AD23DF3008D27EA /* SLSUIApplicationDelegate.mm */ = {isa = PBXFileReference; fileEncoding = 4; lastKnownFileType = sourcecode.cpp.objcpp; path = SLSUIApplicationDelegate.mm; sourceTree = "<group>"; };
		93229EC61AD2409E008D27EA /* SLSUIApplicationMain.mm */ = {isa = PBXFileReference; fileEncoding = 4; lastKnownFileType = sourcecode.cpp.objcpp; path = SLSUIApplicationMain.mm; sourceTree = "<group>"; };
		93229ED01AD2428D008D27EA /* SLSUIRunnerViewController.h */ = {isa = PBXFileReference; fileEncoding = 4; lastKnownFileType = sourcecode.c.h; path = SLSUIRunnerViewController.h; sourceTree = "<group>"; };
		93229ED11AD2428D008D27EA /* SLSUIRunnerViewController.m */ = {isa = PBXFileReference; fileEncoding = 4; lastKnownFileType = sourcecode.c.objc; path = SLSUIRunnerViewController.m; sourceTree = "<group>"; };
		93229ED21AD2428D008D27EA /* SLSUIRunnerViewController.xib */ = {isa = PBXFileReference; fileEncoding = 4; lastKnownFileType = file.xib; path = SLSUIRunnerViewController.xib; sourceTree = "<group>"; };
		933803221AD88BA800F41F92 /* style.h */ = {isa = PBXFileReference; fileEncoding = 4; lastKnownFileType = sourcecode.c.h; path = style.h; sourceTree = "<group>"; };
		933803251AD88DC200F41F92 /* font.cc */ = {isa = PBXFileReference; fileEncoding = 4; lastKnownFileType = sourcecode.cpp.cpp; path = font.cc; sourceTree = "<group>"; };
		933803261AD88DC200F41F92 /* font.h */ = {isa = PBXFileReference; fileEncoding = 4; lastKnownFileType = sourcecode.c.h; path = font.h; sourceTree = "<group>"; };
		933803311AD8B7EC00F41F92 /* core.mm */ = {isa = PBXFileReference; fileEncoding = 4; lastKnownFileType = sourcecode.cpp.objcpp; path = core.mm; sourceTree = "<group>"; };
		933803321AD8B7EC00F41F92 /* core.h */ = {isa = PBXFileReference; fileEncoding = 4; lastKnownFileType = sourcecode.c.h; path = core.h; sourceTree = "<group>"; };
		933803371AD8C72400F41F92 /* event.h */ = {isa = PBXFileReference; lastKnownFileType = sourcecode.c.h; path = event.h; sourceTree = "<group>"; };
		934FAAA21AD6E21600FACF2E /* math.h */ = {isa = PBXFileReference; fileEncoding = 4; lastKnownFileType = sourcecode.c.h; path = math.h; sourceTree = "<group>"; };
		934FAAA31AD6E21600FACF2E /* processing.h */ = {isa = PBXFileReference; fileEncoding = 4; lastKnownFileType = sourcecode.c.h; path = processing.h; sourceTree = "<group>"; };
		934FAAA81AD6E25400FACF2E /* types.h */ = {isa = PBXFileReference; lastKnownFileType = sourcecode.c.h; path = types.h; sourceTree = "<group>"; };
		934FAAA91AD6E28700FACF2E /* sketch.cc */ = {isa = PBXFileReference; fileEncoding = 4; lastKnownFileType = sourcecode.cpp.cpp; path = sketch.cc; sourceTree = "<group>"; };
		934FAAAA1AD6E28700FACF2E /* sketch.h */ = {isa = PBXFileReference; fileEncoding = 4; lastKnownFileType = sourcecode.c.h; path = sketch.h; sourceTree = "<group>"; };
		934FAAAF1AD6E29200FACF2E /* layer.cc */ = {isa = PBXFileReference; fileEncoding = 4; lastKnownFileType = sourcecode.cpp.cpp; path = layer.cc; sourceTree = "<group>"; };
		934FAAB01AD6E29200FACF2E /* layer.h */ = {isa = PBXFileReference; fileEncoding = 4; lastKnownFileType = sourcecode.c.h; path = layer.h; sourceTree = "<group>"; };
		934FAABC1AD6EB6700FACF2E /* input.h */ = {isa = PBXFileReference; lastKnownFileType = sourcecode.c.h; path = input.h; sourceTree = "<group>"; };
		934FAABE1AD6EE4100FACF2E /* constants.h */ = {isa = PBXFileReference; lastKnownFileType = sourcecode.c.h; path = constants.h; sourceTree = "<group>"; };
		938987C61AD1B93F00DEC9E9 /* Info.plist */ = {isa = PBXFileReference; lastKnownFileType = text.plist.xml; path = Info.plist; sourceTree = "<group>"; };
		938987D61AD21F2000DEC9E9 /* SLSDisplayLink.h */ = {isa = PBXFileReference; fileEncoding = 4; lastKnownFileType = sourcecode.c.h; path = SLSDisplayLink.h; sourceTree = "<group>"; };
		938987D71AD21F2000DEC9E9 /* SLSCVDisplayLink.mm */ = {isa = PBXFileReference; fileEncoding = 4; lastKnownFileType = sourcecode.cpp.objcpp; path = SLSCVDisplayLink.mm; sourceTree = "<group>"; };
		938987DD1AD5F32100DEC9E9 /* functions.h */ = {isa = PBXFileReference; lastKnownFileType = sourcecode.c.h; path = functions.h; sourceTree = "<group>"; };
		938A07E41AB2D41D00CAE8CA /* benchmark.h */ = {isa = PBXFileReference; lastKnownFileType = sourcecode.c.h; path = benchmark.h; sourceTree = "<group>"; };
		939E963A1AD250AF00A7E21E /* runner_factory.cc */ = {isa = PBXFileReference; fileEncoding = 4; lastKnownFileType = sourcecode.cpp.cpp; path = runner_factory.cc; sourceTree = "<group>"; };
		939E963B1AD250AF00A7E21E /* runner_factory.h */ = {isa = PBXFileReference; fileEncoding = 4; lastKnownFileType = sourcecode.c.h; path = runner_factory.h; sourceTree = "<group>"; };
		939E967F1AD384C500A7E21E /* SLSRunnerLayer.h */ = {isa = PBXFileReference; fileEncoding = 4; lastKnownFileType = sourcecode.c.h; path = SLSRunnerLayer.h; sourceTree = "<group>"; };
		939E96801AD384C500A7E21E /* SLSRunnerLayer.mm */ = {isa = PBXFileReference; fileEncoding = 4; lastKnownFileType = sourcecode.cpp.objcpp; path = SLSRunnerLayer.mm; sourceTree = "<group>"; };
		939E96851AD3864600A7E21E /* SLSCADisplayLink.m */ = {isa = PBXFileReference; fileEncoding = 4; lastKnownFileType = sourcecode.c.objc; path = SLSCADisplayLink.m; sourceTree = "<group>"; };
		939E96891AD38BB300A7E21E /* SLSDisplayDelegate.h */ = {isa = PBXFileReference; lastKnownFileType = sourcecode.c.h; path = SLSDisplayDelegate.h; sourceTree = "<group>"; };
		93A45B351AD0D23700969DC2 /* boost.framework */ = {isa = PBXFileReference; lastKnownFileType = wrapper.framework; name = boost.framework; path = build/boost/osx/framework/boost.framework; sourceTree = "<group>"; };
		93A45B371AD0D25300969DC2 /* boost.framework */ = {isa = PBXFileReference; lastKnownFileType = wrapper.framework; name = boost.framework; path = build/boost/ios/framework/boost.framework; sourceTree = "<group>"; };
		93A45B3D1AD0D32B00969DC2 /* GLKit.framework */ = {isa = PBXFileReference; lastKnownFileType = wrapper.framework; name = GLKit.framework; path = Platforms/iPhoneOS.platform/Developer/SDKs/iPhoneOS8.2.sdk/System/Library/Frameworks/GLKit.framework; sourceTree = DEVELOPER_DIR; };
		93A45B3F1AD0D33700969DC2 /* UIKit.framework */ = {isa = PBXFileReference; lastKnownFileType = wrapper.framework; name = UIKit.framework; path = Platforms/iPhoneOS.platform/Developer/SDKs/iPhoneOS8.2.sdk/System/Library/Frameworks/UIKit.framework; sourceTree = DEVELOPER_DIR; };
		93A45B451AD1438900969DC2 /* app.h */ = {isa = PBXFileReference; fileEncoding = 4; lastKnownFileType = sourcecode.c.h; path = app.h; sourceTree = "<group>"; };
		93A45B4F1AD14C4400969DC2 /* gesture_event.h */ = {isa = PBXFileReference; fileEncoding = 4; lastKnownFileType = sourcecode.c.h; path = gesture_event.h; sourceTree = "<group>"; };
		93A45B501AD14C4400969DC2 /* key_event.h */ = {isa = PBXFileReference; fileEncoding = 4; lastKnownFileType = sourcecode.c.h; path = key_event.h; sourceTree = "<group>"; };
		93A45B511AD14C4400969DC2 /* motion_event.h */ = {isa = PBXFileReference; fileEncoding = 4; lastKnownFileType = sourcecode.c.h; path = motion_event.h; sourceTree = "<group>"; };
		93A45B521AD14C4400969DC2 /* mouse_event.h */ = {isa = PBXFileReference; fileEncoding = 4; lastKnownFileType = sourcecode.c.h; path = mouse_event.h; sourceTree = "<group>"; };
		93A45B531AD14C4400969DC2 /* touch_event.h */ = {isa = PBXFileReference; fileEncoding = 4; lastKnownFileType = sourcecode.c.h; path = touch_event.h; sourceTree = "<group>"; };
		93A45B5E1AD14DC200969DC2 /* SLSEvents.h */ = {isa = PBXFileReference; lastKnownFileType = sourcecode.c.h; path = SLSEvents.h; sourceTree = "<group>"; };
		93A45B5F1AD1546300969DC2 /* SLSEventDelegate.h */ = {isa = PBXFileReference; lastKnownFileType = sourcecode.c.h; path = SLSEventDelegate.h; sourceTree = "<group>"; };
		93A9BFFD1AC99A430081D3A0 /* benchmark.cc */ = {isa = PBXFileReference; fileEncoding = 4; lastKnownFileType = sourcecode.cpp.cpp; path = benchmark.cc; sourceTree = "<group>"; };
		93A9C0011ACC4DBC0081D3A0 /* promotion.h */ = {isa = PBXFileReference; lastKnownFileType = sourcecode.c.h; path = promotion.h; sourceTree = "<group>"; };
		93A9C0051ACF59260081D3A0 /* SLSNSRunnerView.h */ = {isa = PBXFileReference; fileEncoding = 4; lastKnownFileType = sourcecode.c.h; path = SLSNSRunnerView.h; sourceTree = "<group>"; };
		93A9C0061ACF59260081D3A0 /* SLSNSRunnerView.mm */ = {isa = PBXFileReference; fileEncoding = 4; lastKnownFileType = sourcecode.cpp.objcpp; path = SLSNSRunnerView.mm; sourceTree = "<group>"; };
		93A9C00A1ACF63060081D3A0 /* polygon.h */ = {isa = PBXFileReference; fileEncoding = 4; lastKnownFileType = sourcecode.c.h; path = polygon.h; sourceTree = "<group>"; };
		93B707D81AD62C5E00E3E8AA /* stroke.h */ = {isa = PBXFileReference; lastKnownFileType = sourcecode.c.h; path = stroke.h; sourceTree = "<group>"; };
		93B707D91AD62C6300E3E8AA /* fill.h */ = {isa = PBXFileReference; lastKnownFileType = sourcecode.c.h; path = fill.h; sourceTree = "<group>"; };
		93B707DA1AD692DF00E3E8AA /* app_event.h */ = {isa = PBXFileReference; fileEncoding = 4; lastKnownFileType = sourcecode.c.h; path = app_event.h; sourceTree = "<group>"; };
		93BE2F3A1ADA1A7500175565 /* path.cc */ = {isa = PBXFileReference; fileEncoding = 4; lastKnownFileType = sourcecode.cpp.cpp; path = path.cc; sourceTree = "<group>"; };
		93BE2F3B1ADA1A7500175565 /* path.h */ = {isa = PBXFileReference; fileEncoding = 4; lastKnownFileType = sourcecode.c.h; path = path.h; sourceTree = "<group>"; };
		93BE2F3F1ADA1A8100175565 /* shape.cc */ = {isa = PBXFileReference; fileEncoding = 4; lastKnownFileType = sourcecode.cpp.cpp; path = shape.cc; sourceTree = "<group>"; };
		93BE2F401ADA1A8100175565 /* shape.h */ = {isa = PBXFileReference; fileEncoding = 4; lastKnownFileType = sourcecode.c.h; path = shape.h; sourceTree = "<group>"; };
		93CAA6081AD16EED005EDC09 /* key_modifier.h */ = {isa = PBXFileReference; lastKnownFileType = sourcecode.c.h; path = key_modifier.h; sourceTree = "<group>"; };
		93CAA6091AD16F40005EDC09 /* mouse_button.h */ = {isa = PBXFileReference; lastKnownFileType = sourcecode.c.h; path = mouse_button.h; sourceTree = "<group>"; };
		93CAA60A1AD191DC005EDC09 /* SLSRunner.h */ = {isa = PBXFileReference; fileEncoding = 4; lastKnownFileType = sourcecode.c.h; path = SLSRunner.h; sourceTree = "<group>"; };
		93CAA60B1AD191DC005EDC09 /* SLSRunner.mm */ = {isa = PBXFileReference; fileEncoding = 4; lastKnownFileType = sourcecode.cpp.objcpp; path = SLSRunner.mm; sourceTree = "<group>"; };
		93CAA6161AD19304005EDC09 /* runner.h */ = {isa = PBXFileReference; lastKnownFileType = sourcecode.c.h; path = runner.h; sourceTree = "<group>"; };
		93CAA6171AD1930A005EDC09 /* runnable.h */ = {isa = PBXFileReference; lastKnownFileType = sourcecode.c.h; path = runnable.h; sourceTree = "<group>"; };
		93CAA6181AD19BE3005EDC09 /* SLSNSRunnerWindowController.h */ = {isa = PBXFileReference; fileEncoding = 4; lastKnownFileType = sourcecode.c.h; path = SLSNSRunnerWindowController.h; sourceTree = "<group>"; };
		93CAA6191AD19BE3005EDC09 /* SLSNSRunnerWindowController.m */ = {isa = PBXFileReference; fileEncoding = 4; lastKnownFileType = sourcecode.c.objc; path = SLSNSRunnerWindowController.m; sourceTree = "<group>"; };
		93CAA61A1AD19BE3005EDC09 /* SLSNSRunnerWindowController.xib */ = {isa = PBXFileReference; fileEncoding = 4; lastKnownFileType = file.xib; path = SLSNSRunnerWindowController.xib; sourceTree = "<group>"; };
		93CAA6241AD19C8C005EDC09 /* Foundation.framework */ = {isa = PBXFileReference; lastKnownFileType = wrapper.framework; name = Foundation.framework; path = System/Library/Frameworks/Foundation.framework; sourceTree = SDKROOT; };
		93CAA6261AD19CA1005EDC09 /* Foundation.framework */ = {isa = PBXFileReference; lastKnownFileType = wrapper.framework; name = Foundation.framework; path = Platforms/iPhoneOS.platform/Developer/SDKs/iPhoneOS8.2.sdk/System/Library/Frameworks/Foundation.framework; sourceTree = DEVELOPER_DIR; };
		93CAA6281AD19CB0005EDC09 /* CoreGraphics.framework */ = {isa = PBXFileReference; lastKnownFileType = wrapper.framework; name = CoreGraphics.framework; path = Platforms/iPhoneOS.platform/Developer/SDKs/iPhoneOS8.2.sdk/System/Library/Frameworks/CoreGraphics.framework; sourceTree = DEVELOPER_DIR; };
		93CAA62A1AD19CC0005EDC09 /* CoreGraphics.framework */ = {isa = PBXFileReference; lastKnownFileType = wrapper.framework; name = CoreGraphics.framework; path = System/Library/Frameworks/CoreGraphics.framework; sourceTree = SDKROOT; };
		93CAA62C1AD19CDE005EDC09 /* QuartzCore.framework */ = {isa = PBXFileReference; lastKnownFileType = wrapper.framework; name = QuartzCore.framework; path = System/Library/Frameworks/QuartzCore.framework; sourceTree = SDKROOT; };
		93CAA62E1AD19CEC005EDC09 /* QuartzCore.framework */ = {isa = PBXFileReference; lastKnownFileType = wrapper.framework; name = QuartzCore.framework; path = Platforms/iPhoneOS.platform/Developer/SDKs/iPhoneOS8.2.sdk/System/Library/Frameworks/QuartzCore.framework; sourceTree = DEVELOPER_DIR; };
		93CAA6341AD1A2A5005EDC09 /* SLSNSApplicationDelegate.h */ = {isa = PBXFileReference; fileEncoding = 4; lastKnownFileType = sourcecode.c.h; path = SLSNSApplicationDelegate.h; sourceTree = "<group>"; };
		93CAA6351AD1A2A5005EDC09 /* SLSNSApplicationDelegate.mm */ = {isa = PBXFileReference; fileEncoding = 4; lastKnownFileType = sourcecode.cpp.objcpp; path = SLSNSApplicationDelegate.mm; sourceTree = "<group>"; };
		93CAA63C1AD1A518005EDC09 /* runner_options.h */ = {isa = PBXFileReference; lastKnownFileType = sourcecode.c.h; path = runner_options.h; sourceTree = "<group>"; };
		93CAA6451AD1A843005EDC09 /* SLSNSBundle+Bundle.h */ = {isa = PBXFileReference; fileEncoding = 4; lastKnownFileType = sourcecode.c.h; path = "SLSNSBundle+Bundle.h"; sourceTree = "<group>"; };
		93CAA6461AD1A843005EDC09 /* SLSNSBundle+Bundle.m */ = {isa = PBXFileReference; fileEncoding = 4; lastKnownFileType = sourcecode.c.objc; path = "SLSNSBundle+Bundle.m"; sourceTree = "<group>"; };
		93CAA64B1AD1AD4B005EDC09 /* SLSApplicationMain.h */ = {isa = PBXFileReference; fileEncoding = 4; lastKnownFileType = sourcecode.c.h; path = SLSApplicationMain.h; sourceTree = "<group>"; };
		93CAA64C1AD1AD4B005EDC09 /* SLSNSApplicationMain.mm */ = {isa = PBXFileReference; fileEncoding = 4; lastKnownFileType = sourcecode.cpp.objcpp; path = SLSNSApplicationMain.mm; sourceTree = "<group>"; };
		93CAA6521AD1ADBB005EDC09 /* run.h */ = {isa = PBXFileReference; lastKnownFileType = sourcecode.c.h; path = run.h; sourceTree = "<group>"; };
		93CAA6531AD1AE32005EDC09 /* run.mm */ = {isa = PBXFileReference; fileEncoding = 4; lastKnownFileType = sourcecode.cpp.objcpp; path = run.mm; sourceTree = "<group>"; };
		93CAA6561AD1AF01005EDC09 /* SLSNSApplication.xib */ = {isa = PBXFileReference; fileEncoding = 4; lastKnownFileType = file.xib; path = SLSNSApplication.xib; sourceTree = "<group>"; };
		93E913581AB27DE400DDF7F9 /* Solas.framework */ = {isa = PBXFileReference; explicitFileType = wrapper.framework; includeInIndex = 0; path = Solas.framework; sourceTree = BUILT_PRODUCTS_DIR; };
		93E913761AB27E2600DDF7F9 /* SolasTouch.framework */ = {isa = PBXFileReference; explicitFileType = wrapper.framework; includeInIndex = 0; path = SolasTouch.framework; sourceTree = BUILT_PRODUCTS_DIR; };
		93E913A01AB2807E00DDF7F9 /* GLKit.framework */ = {isa = PBXFileReference; lastKnownFileType = wrapper.framework; name = GLKit.framework; path = System/Library/Frameworks/GLKit.framework; sourceTree = SDKROOT; };
		93E913AA1AB2811500DDF7F9 /* line.h */ = {isa = PBXFileReference; fileEncoding = 4; lastKnownFileType = sourcecode.c.h; path = line.h; sourceTree = "<group>"; };
		93E913AC1AB2811500DDF7F9 /* plane.h */ = {isa = PBXFileReference; fileEncoding = 4; lastKnownFileType = sourcecode.c.h; path = plane.h; sourceTree = "<group>"; };
		93E913AF1AB2811500DDF7F9 /* rect.h */ = {isa = PBXFileReference; fileEncoding = 4; lastKnownFileType = sourcecode.c.h; path = rect.h; sourceTree = "<group>"; };
		93E913B01AB2811500DDF7F9 /* size.h */ = {isa = PBXFileReference; fileEncoding = 4; lastKnownFileType = sourcecode.c.h; path = size.h; sourceTree = "<group>"; };
		93E913B11AB2811500DDF7F9 /* size2.h */ = {isa = PBXFileReference; fileEncoding = 4; lastKnownFileType = sourcecode.c.h; path = size2.h; sourceTree = "<group>"; };
		93E913B21AB2811500DDF7F9 /* size3.h */ = {isa = PBXFileReference; fileEncoding = 4; lastKnownFileType = sourcecode.c.h; path = size3.h; sourceTree = "<group>"; };
		93E913B41AB2811500DDF7F9 /* sphere.h */ = {isa = PBXFileReference; fileEncoding = 4; lastKnownFileType = sourcecode.c.h; path = sphere.h; sourceTree = "<group>"; };
		93E913B61AB2811500DDF7F9 /* triangle.h */ = {isa = PBXFileReference; fileEncoding = 4; lastKnownFileType = sourcecode.c.h; path = triangle.h; sourceTree = "<group>"; };
		93E913B71AB2811500DDF7F9 /* vector.h */ = {isa = PBXFileReference; fileEncoding = 4; lastKnownFileType = sourcecode.c.h; path = vector.h; sourceTree = "<group>"; };
		93E913B81AB2811500DDF7F9 /* vector2.h */ = {isa = PBXFileReference; fileEncoding = 4; lastKnownFileType = sourcecode.c.h; path = vector2.h; sourceTree = "<group>"; };
		93E913B91AB2811500DDF7F9 /* vector3.h */ = {isa = PBXFileReference; fileEncoding = 4; lastKnownFileType = sourcecode.c.h; path = vector3.h; sourceTree = "<group>"; };
		93E913BA1AB2811500DDF7F9 /* vector4.h */ = {isa = PBXFileReference; fileEncoding = 4; lastKnownFileType = sourcecode.c.h; path = vector4.h; sourceTree = "<group>"; };
		93E913BB1AB2811500DDF7F9 /* math.h */ = {isa = PBXFileReference; fileEncoding = 4; lastKnownFileType = sourcecode.c.h; path = math.h; sourceTree = "<group>"; };
		93EFE0751AB350E900148E7C /* rect_test.cc */ = {isa = PBXFileReference; fileEncoding = 4; lastKnownFileType = sourcecode.cpp.cpp; path = rect_test.cc; sourceTree = "<group>"; };
		93F38E371AB56D2D009E3626 /* sphere_test.cc */ = {isa = PBXFileReference; fileEncoding = 4; lastKnownFileType = sourcecode.cpp.cpp; path = sphere_test.cc; sourceTree = "<group>"; };
		93F38E391AB56DE8009E3626 /* line2.h */ = {isa = PBXFileReference; fileEncoding = 4; lastKnownFileType = sourcecode.c.h; path = line2.h; sourceTree = "<group>"; };
		93F38E3A1AB56DE8009E3626 /* line3.h */ = {isa = PBXFileReference; fileEncoding = 4; lastKnownFileType = sourcecode.c.h; path = line3.h; sourceTree = "<group>"; };
		93F38E3F1AB5F859009E3626 /* triangle2.h */ = {isa = PBXFileReference; fileEncoding = 4; lastKnownFileType = sourcecode.c.h; path = triangle2.h; sourceTree = "<group>"; };
		93F38E401AB5F859009E3626 /* triangle3.h */ = {isa = PBXFileReference; fileEncoding = 4; lastKnownFileType = sourcecode.c.h; path = triangle3.h; sourceTree = "<group>"; };
		93F38E461AB5FA8B009E3626 /* graphics.h */ = {isa = PBXFileReference; fileEncoding = 4; lastKnownFileType = sourcecode.c.h; path = graphics.h; sourceTree = "<group>"; };
		93F38E861AB60972009E3626 /* dispatch.h */ = {isa = PBXFileReference; fileEncoding = 4; lastKnownFileType = sourcecode.c.h; path = dispatch.h; sourceTree = "<group>"; };
		93F38E871AB60972009E3626 /* dispatch.mm */ = {isa = PBXFileReference; fileEncoding = 4; lastKnownFileType = sourcecode.cpp.objcpp; path = dispatch.mm; sourceTree = "<group>"; };
		93F38E881AB60972009E3626 /* thread.h */ = {isa = PBXFileReference; fileEncoding = 4; lastKnownFileType = sourcecode.c.h; path = thread.h; sourceTree = "<group>"; };
		93F3BBD01AA2056C00FBF369 /* ProjectDebug.xcconfig */ = {isa = PBXFileReference; lastKnownFileType = text.xcconfig; path = ProjectDebug.xcconfig; sourceTree = "<group>"; };
		93F3BBD11AA2056C00FBF369 /* ProjectRelease.xcconfig */ = {isa = PBXFileReference; lastKnownFileType = text.xcconfig; path = ProjectRelease.xcconfig; sourceTree = "<group>"; };
		93F3BBD21AA2056C00FBF369 /* Project.xcconfig */ = {isa = PBXFileReference; lastKnownFileType = text.xcconfig; path = Project.xcconfig; sourceTree = "<group>"; };
		93F3BBF91AA2080D00FBF369 /* Test.xcconfig */ = {isa = PBXFileReference; lastKnownFileType = text.xcconfig; path = Test.xcconfig; sourceTree = "<group>"; };
		93F3BBFA1AA2080D00FBF369 /* Framework.xcconfig */ = {isa = PBXFileReference; lastKnownFileType = text.xcconfig; path = Framework.xcconfig; sourceTree = "<group>"; };
		93F3BCB81AA2215A00FBF369 /* AppKit.framework */ = {isa = PBXFileReference; lastKnownFileType = wrapper.framework; name = AppKit.framework; path = System/Library/Frameworks/AppKit.framework; sourceTree = SDKROOT; };
		93FEF9351AD92C90009D0646 /* matrix.h */ = {isa = PBXFileReference; lastKnownFileType = sourcecode.c.h; path = matrix.h; sourceTree = "<group>"; };
		93FEF9361AD92CA8009D0646 /* matrix2.h */ = {isa = PBXFileReference; lastKnownFileType = sourcecode.c.h; path = matrix2.h; sourceTree = "<group>"; };
		93FEF9371AD92CAE009D0646 /* matrix3.h */ = {isa = PBXFileReference; lastKnownFileType = sourcecode.c.h; path = matrix3.h; sourceTree = "<group>"; };
		93FEF93C1AD941AF009D0646 /* SLSNSGraphicsContext.m */ = {isa = PBXFileReference; fileEncoding = 4; lastKnownFileType = sourcecode.c.objc; path = SLSNSGraphicsContext.m; sourceTree = "<group>"; };
		93FEF93F1AD941BD009D0646 /* SLSGraphicsContext.h */ = {isa = PBXFileReference; lastKnownFileType = sourcecode.c.h; path = SLSGraphicsContext.h; sourceTree = "<group>"; };
		93FEF9401AD941EA009D0646 /* SLSUIGraphicsContext.m */ = {isa = PBXFileReference; fileEncoding = 4; lastKnownFileType = sourcecode.c.objc; path = SLSUIGraphicsContext.m; sourceTree = "<group>"; };
		93FEF9441AD94669009D0646 /* SLSDefines.h */ = {isa = PBXFileReference; lastKnownFileType = sourcecode.c.h; path = SLSDefines.h; sourceTree = "<group>"; };
		93FEF9A21AD97B2A009D0646 /* Solas.h */ = {isa = PBXFileReference; lastKnownFileType = sourcecode.c.h; path = Solas.h; sourceTree = "<group>"; };
		93FEF9A31AD97B2A009D0646 /* SolasTouch.h */ = {isa = PBXFileReference; lastKnownFileType = sourcecode.c.h; path = SolasTouch.h; sourceTree = "<group>"; };
/* End PBXFileReference section */

/* Begin PBXFrameworksBuildPhase section */
		930398461AB2B0DF00577048 /* Frameworks */ = {
			isa = PBXFrameworksBuildPhase;
			buildActionMask = 2147483647;
			files = (
				938987DC1AD4AA0900DEC9E9 /* boost.framework in Frameworks */,
				938A07ED1AB2D7E700CAE8CA /* Solas.framework in Frameworks */,
			);
			runOnlyForDeploymentPostprocessing = 0;
		};
		93E913541AB27DE400DDF7F9 /* Frameworks */ = {
			isa = PBXFrameworksBuildPhase;
			buildActionMask = 2147483647;
			files = (
				93E913951AB27FE600DDF7F9 /* AppKit.framework in Frameworks */,
				93A45B361AD0D23700969DC2 /* boost.framework in Frameworks */,
				93CAA62B1AD19CC1005EDC09 /* CoreGraphics.framework in Frameworks */,
				93CAA6251AD19C8D005EDC09 /* Foundation.framework in Frameworks */,
				93E913A11AB2807E00DDF7F9 /* GLKit.framework in Frameworks */,
				93CAA62D1AD19CDF005EDC09 /* QuartzCore.framework in Frameworks */,
			);
			runOnlyForDeploymentPostprocessing = 0;
		};
		93E913721AB27E2600DDF7F9 /* Frameworks */ = {
			isa = PBXFrameworksBuildPhase;
			buildActionMask = 2147483647;
			files = (
				93A45B381AD0D25300969DC2 /* boost.framework in Frameworks */,
				93CAA6291AD19CB0005EDC09 /* CoreGraphics.framework in Frameworks */,
				93CAA6271AD19CA2005EDC09 /* Foundation.framework in Frameworks */,
				93A45B401AD0D33800969DC2 /* UIKit.framework in Frameworks */,
				93A45B3E1AD0D32B00969DC2 /* GLKit.framework in Frameworks */,
				93CAA62F1AD19CEC005EDC09 /* QuartzCore.framework in Frameworks */,
			);
			runOnlyForDeploymentPostprocessing = 0;
		};
/* End PBXFrameworksBuildPhase section */

/* Begin PBXGroup section */
		930398331AB2AEE700577048 /* utility */ = {
			isa = PBXGroup;
			children = (
				930D52051AD5530F006EEF1B /* enablers.h */,
				930398371AB2AEF400577048 /* enum.h */,
				93229E6C1ACD6DDA008D27EA /* singleton.h */,
				938A07E41AB2D41D00CAE8CA /* benchmark.h */,
				93A9BFFD1AC99A430081D3A0 /* benchmark.cc */,
			);
			path = utility;
			sourceTree = "<group>";
		};
		9303983B1AB2B0B500577048 /* math */ = {
			isa = PBXGroup;
			children = (
				930398521AB2B1BD00577048 /* vector_test.cc */,
				930398511AB2B1BD00577048 /* size_test.cc */,
				93EFE0751AB350E900148E7C /* rect_test.cc */,
				930398501AB2B1BD00577048 /* plane_test.cc */,
				93F38E371AB56D2D009E3626 /* sphere_test.cc */,
			);
			path = math;
			sourceTree = "<group>";
		};
		930955021A4FB1E200D09023 /* Configurations */ = {
			isa = PBXGroup;
			children = (
				938987C61AD1B93F00DEC9E9 /* Info.plist */,
				93F3BBD21AA2056C00FBF369 /* Project.xcconfig */,
				93F3BBD01AA2056C00FBF369 /* ProjectDebug.xcconfig */,
				93F3BBD11AA2056C00FBF369 /* ProjectRelease.xcconfig */,
				93F3BBFA1AA2080D00FBF369 /* Framework.xcconfig */,
				93F3BBF91AA2080D00FBF369 /* Test.xcconfig */,
			);
			name = Configurations;
			path = config;
			sourceTree = "<group>";
		};
		93229EC41AD2402A008D27EA /* AppKit Specific */ = {
			isa = PBXGroup;
			children = (
				93A9C0051ACF59260081D3A0 /* SLSNSRunnerView.h */,
				93A9C0061ACF59260081D3A0 /* SLSNSRunnerView.mm */,
				93FEF93C1AD941AF009D0646 /* SLSNSGraphicsContext.m */,
				938987D71AD21F2000DEC9E9 /* SLSCVDisplayLink.mm */,
				93CAA6181AD19BE3005EDC09 /* SLSNSRunnerWindowController.h */,
				93CAA6191AD19BE3005EDC09 /* SLSNSRunnerWindowController.m */,
				93CAA61A1AD19BE3005EDC09 /* SLSNSRunnerWindowController.xib */,
				93CAA64C1AD1AD4B005EDC09 /* SLSNSApplicationMain.mm */,
				93CAA6341AD1A2A5005EDC09 /* SLSNSApplicationDelegate.h */,
				93CAA6351AD1A2A5005EDC09 /* SLSNSApplicationDelegate.mm */,
				93CAA6561AD1AF01005EDC09 /* SLSNSApplication.xib */,
			);
			name = "AppKit Specific";
			sourceTree = "<group>";
		};
		93229EC51AD24031008D27EA /* UIKit Specific */ = {
			isa = PBXGroup;
			children = (
				93229E8A1AD23BB4008D27EA /* SLSUIRunnerView.h */,
				93229E8B1AD23BB4008D27EA /* SLSUIRunnerView.mm */,
				93FEF9401AD941EA009D0646 /* SLSUIGraphicsContext.m */,
				939E96851AD3864600A7E21E /* SLSCADisplayLink.m */,
				93229ED01AD2428D008D27EA /* SLSUIRunnerViewController.h */,
				93229ED11AD2428D008D27EA /* SLSUIRunnerViewController.m */,
				93229ED21AD2428D008D27EA /* SLSUIRunnerViewController.xib */,
				93229EC61AD2409E008D27EA /* SLSUIApplicationMain.mm */,
				93229E8E1AD23DF3008D27EA /* SLSUIApplicationDelegate.h */,
				93229E8F1AD23DF3008D27EA /* SLSUIApplicationDelegate.mm */,
			);
			name = "UIKit Specific";
			sourceTree = "<group>";
		};
		934FAAA11AD6E21600FACF2E /* processing */ = {
			isa = PBXGroup;
			children = (
				934FAAAA1AD6E28700FACF2E /* sketch.h */,
				934FAAA91AD6E28700FACF2E /* sketch.cc */,
				934FAAB01AD6E29200FACF2E /* layer.h */,
				934FAAAF1AD6E29200FACF2E /* layer.cc */,
				931CCB891AD88A150047542F /* graphics.h */,
				931CCB881AD88A150047542F /* graphics.cc */,
				934FAAA81AD6E25400FACF2E /* types.h */,
				934FAABE1AD6EE4100FACF2E /* constants.h */,
				934FAABC1AD6EB6700FACF2E /* input.h */,
				934FAAA21AD6E21600FACF2E /* math.h */,
				933803221AD88BA800F41F92 /* style.h */,
				933803371AD8C72400F41F92 /* event.h */,
			);
			path = processing;
			sourceTree = "<group>";
		};
		938987CF1AD1BA3600DEC9E9 /* app */ = {
			isa = PBXGroup;
			children = (
			);
			path = app;
			sourceTree = "<group>";
		};
		938987D01AD1BA3600DEC9E9 /* graphics */ = {
			isa = PBXGroup;
			children = (
			);
			path = graphics;
			sourceTree = "<group>";
		};
		938987D11AD1BA3600DEC9E9 /* thread */ = {
			isa = PBXGroup;
			children = (
			);
			path = thread;
			sourceTree = "<group>";
		};
		938A07E81AB2D78400CAE8CA /* utility */ = {
			isa = PBXGroup;
			children = (
			);
			path = utility;
			sourceTree = "<group>";
		};
		93A45B3A1AD0D2BC00969DC2 /* System Frameworks */ = {
			isa = PBXGroup;
			children = (
				93E9138F1AB27E9400DDF7F9 /* OS X */,
				93E913901AB27EE800DDF7F9 /* iOS */,
			);
			name = "System Frameworks";
			sourceTree = "<group>";
		};
		93A45B3B1AD0D2E500969DC2 /* OS X */ = {
			isa = PBXGroup;
			children = (
				93A45B351AD0D23700969DC2 /* boost.framework */,
			);
			name = "OS X";
			sourceTree = "<group>";
		};
		93A45B3C1AD0D2E800969DC2 /* iOS */ = {
			isa = PBXGroup;
			children = (
				93A45B371AD0D25300969DC2 /* boost.framework */,
			);
			name = iOS;
			sourceTree = "<group>";
		};
		93A45B441AD1438900969DC2 /* app */ = {
			isa = PBXGroup;
			children = (
				93B707DA1AD692DF00E3E8AA /* app_event.h */,
				93CAA6091AD16F40005EDC09 /* mouse_button.h */,
				93A45B521AD14C4400969DC2 /* mouse_event.h */,
				93CAA6081AD16EED005EDC09 /* key_modifier.h */,
				93A45B501AD14C4400969DC2 /* key_event.h */,
				93A45B531AD14C4400969DC2 /* touch_event.h */,
				93A45B4F1AD14C4400969DC2 /* gesture_event.h */,
				93A45B511AD14C4400969DC2 /* motion_event.h */,
				93CAA6171AD1930A005EDC09 /* runnable.h */,
				93CAA6161AD19304005EDC09 /* runner.h */,
				93CAA63C1AD1A518005EDC09 /* runner_options.h */,
				939E963B1AD250AF00A7E21E /* runner_factory.h */,
				939E963A1AD250AF00A7E21E /* runner_factory.cc */,
				93CAA6521AD1ADBB005EDC09 /* run.h */,
				93CAA6531AD1AE32005EDC09 /* run.mm */,
			);
			path = app;
			sourceTree = "<group>";
		};
		93E9138F1AB27E9400DDF7F9 /* OS X */ = {
			isa = PBXGroup;
			children = (
				93F3BCB81AA2215A00FBF369 /* AppKit.framework */,
				93CAA62A1AD19CC0005EDC09 /* CoreGraphics.framework */,
				93CAA6241AD19C8C005EDC09 /* Foundation.framework */,
				93E913A01AB2807E00DDF7F9 /* GLKit.framework */,
				93CAA62C1AD19CDE005EDC09 /* QuartzCore.framework */,
			);
			name = "OS X";
			sourceTree = "<group>";
		};
		93E913901AB27EE800DDF7F9 /* iOS */ = {
			isa = PBXGroup;
			children = (
				93CAA6281AD19CB0005EDC09 /* CoreGraphics.framework */,
				93CAA6261AD19CA1005EDC09 /* Foundation.framework */,
				93A45B3D1AD0D32B00969DC2 /* GLKit.framework */,
				93A45B3F1AD0D33700969DC2 /* UIKit.framework */,
				93CAA62E1AD19CEC005EDC09 /* QuartzCore.framework */,
			);
			name = iOS;
			sourceTree = "<group>";
		};
		93E913A21AB2811500DDF7F9 /* math */ = {
			isa = PBXGroup;
			children = (
				930398291AB2AE9500577048 /* constants.h */,
				938987DD1AD5F32100DEC9E9 /* functions.h */,
				93A9C0011ACC4DBC0081D3A0 /* promotion.h */,
				93229E5F1ACD2FE6008D27EA /* random.h */,
				93229E721ACECD00008D27EA /* axis.h */,
				93E913B71AB2811500DDF7F9 /* vector.h */,
				93E913B81AB2811500DDF7F9 /* vector2.h */,
				93E913B91AB2811500DDF7F9 /* vector3.h */,
				93E913BA1AB2811500DDF7F9 /* vector4.h */,
				93FEF9351AD92C90009D0646 /* matrix.h */,
				93FEF9361AD92CA8009D0646 /* matrix2.h */,
				93FEF9371AD92CAE009D0646 /* matrix3.h */,
				93E913B01AB2811500DDF7F9 /* size.h */,
				93E913B11AB2811500DDF7F9 /* size2.h */,
				93E913B21AB2811500DDF7F9 /* size3.h */,
				93E913AA1AB2811500DDF7F9 /* line.h */,
				93F38E391AB56DE8009E3626 /* line2.h */,
				93F38E3A1AB56DE8009E3626 /* line3.h */,
				93E913B61AB2811500DDF7F9 /* triangle.h */,
				93F38E3F1AB5F859009E3626 /* triangle2.h */,
				93F38E401AB5F859009E3626 /* triangle3.h */,
				93E913AF1AB2811500DDF7F9 /* rect.h */,
				93A9C00A1ACF63060081D3A0 /* polygon.h */,
				93E913AC1AB2811500DDF7F9 /* plane.h */,
				93E913B41AB2811500DDF7F9 /* sphere.h */,
			);
			path = math;
			sourceTree = "<group>";
		};
		93F38E441AB5FA26009E3626 /* Objective-C Sources */ = {
			isa = PBXGroup;
			children = (
				93CAA60A1AD191DC005EDC09 /* SLSRunner.h */,
				93CAA60B1AD191DC005EDC09 /* SLSRunner.mm */,
				939E967F1AD384C500A7E21E /* SLSRunnerLayer.h */,
				939E96801AD384C500A7E21E /* SLSRunnerLayer.mm */,
				93FEF9441AD94669009D0646 /* SLSDefines.h */,
				93A45B5E1AD14DC200969DC2 /* SLSEvents.h */,
				93A45B5F1AD1546300969DC2 /* SLSEventDelegate.h */,
				939E96891AD38BB300A7E21E /* SLSDisplayDelegate.h */,
				93FEF93F1AD941BD009D0646 /* SLSGraphicsContext.h */,
				938987D61AD21F2000DEC9E9 /* SLSDisplayLink.h */,
				93CAA64B1AD1AD4B005EDC09 /* SLSApplicationMain.h */,
				93CAA6451AD1A843005EDC09 /* SLSNSBundle+Bundle.h */,
				93CAA6461AD1A843005EDC09 /* SLSNSBundle+Bundle.m */,
				93229EC41AD2402A008D27EA /* AppKit Specific */,
				93229EC51AD24031008D27EA /* UIKit Specific */,
				93FEF9A11AD97B0E009D0646 /* Framework Headers */,
			);
			name = "Objective-C Sources";
			path = objc;
			sourceTree = "<group>";
		};
		93F38E451AB5FA8B009E3626 /* graphics */ = {
			isa = PBXGroup;
			children = (
				930D51E71AD42B76006EEF1B /* color.h */,
				930D51E81AD42B76006EEF1B /* color3.h */,
				930D51E91AD42B76006EEF1B /* color4.h */,
				930D52001AD52BBF006EEF1B /* color_depth.h */,
				93B707D91AD62C6300E3E8AA /* fill.h */,
				93B707D81AD62C5E00E3E8AA /* stroke.h */,
				93BE2F3B1ADA1A7500175565 /* path.h */,
				93BE2F3A1ADA1A7500175565 /* path.cc */,
				93BE2F401ADA1A8100175565 /* shape.h */,
				93BE2F3F1ADA1A8100175565 /* shape.cc */,
				933803261AD88DC200F41F92 /* font.h */,
				933803251AD88DC200F41F92 /* font.cc */,
				930D51E21AD3CE4E006EEF1B /* context_holder.h */,
				933803321AD8B7EC00F41F92 /* core.h */,
				933803311AD8B7EC00F41F92 /* core.mm */,
			);
			path = graphics;
			sourceTree = "<group>";
		};
		93F38E831AB60972009E3626 /* thread */ = {
			isa = PBXGroup;
			children = (
				93F38E861AB60972009E3626 /* dispatch.h */,
				93F38E871AB60972009E3626 /* dispatch.mm */,
				93229E701ACEAF05008D27EA /* null_mutex.h */,
			);
			path = thread;
			sourceTree = "<group>";
		};
		93F3BBD51AA205AA00FBF369 /* C++ Sources */ = {
			isa = PBXGroup;
			children = (
				93A45B451AD1438900969DC2 /* app.h */,
				93A45B441AD1438900969DC2 /* app */,
				934FAAA31AD6E21600FACF2E /* processing.h */,
				934FAAA11AD6E21600FACF2E /* processing */,
				93F38E461AB5FA8B009E3626 /* graphics.h */,
				93F38E451AB5FA8B009E3626 /* graphics */,
				93E913BB1AB2811500DDF7F9 /* math.h */,
				93E913A21AB2811500DDF7F9 /* math */,
				93F38E881AB60972009E3626 /* thread.h */,
				93F38E831AB60972009E3626 /* thread */,
				930398341AB2AEE700577048 /* utility.h */,
				930398331AB2AEE700577048 /* utility */,
			);
			name = "C++ Sources";
			path = src/solas;
			sourceTree = "<group>";
		};
		93F3BBD61AA205C200FBF369 /* Tests */ = {
			isa = PBXGroup;
			children = (
				938987CF1AD1BA3600DEC9E9 /* app */,
				938987D01AD1BA3600DEC9E9 /* graphics */,
				9303983B1AB2B0B500577048 /* math */,
				938987D11AD1BA3600DEC9E9 /* thread */,
				938A07E81AB2D78400CAE8CA /* utility */,
			);
			name = Tests;
			path = test;
			sourceTree = "<group>";
		};
		93F3BCB71AA2214B00FBF369 /* Linked Frameworks */ = {
			isa = PBXGroup;
			children = (
				93A45B3B1AD0D2E500969DC2 /* OS X */,
				93A45B3C1AD0D2E800969DC2 /* iOS */,
			);
			name = "Linked Frameworks";
			sourceTree = "<group>";
		};
		93F8AD6617C8B39800310877 = {
			isa = PBXGroup;
			children = (
				93F3BBD51AA205AA00FBF369 /* C++ Sources */,
				93F38E441AB5FA26009E3626 /* Objective-C Sources */,
				93F3BBD61AA205C200FBF369 /* Tests */,
				930955021A4FB1E200D09023 /* Configurations */,
				93F3BCB71AA2214B00FBF369 /* Linked Frameworks */,
				93A45B3A1AD0D2BC00969DC2 /* System Frameworks */,
				93F8AD7017C8B39800310877 /* Products */,
			);
			sourceTree = "<group>";
		};
		93F8AD7017C8B39800310877 /* Products */ = {
			isa = PBXGroup;
			children = (
				93E913581AB27DE400DDF7F9 /* Solas.framework */,
				93E913761AB27E2600DDF7F9 /* SolasTouch.framework */,
				930398491AB2B0DF00577048 /* SolasTest */,
			);
			name = Products;
			sourceTree = "<group>";
		};
		93FEF9A11AD97B0E009D0646 /* Framework Headers */ = {
			isa = PBXGroup;
			children = (
				93FEF9A21AD97B2A009D0646 /* Solas.h */,
				93FEF9A31AD97B2A009D0646 /* SolasTouch.h */,
			);
			name = "Framework Headers";
			sourceTree = "<group>";
		};
/* End PBXGroup section */

/* Begin PBXHeadersBuildPhase section */
		93E913551AB27DE400DDF7F9 /* Headers */ = {
			isa = PBXHeadersBuildPhase;
			buildActionMask = 2147483647;
			files = (
				934FAAB31AD6E29200FACF2E /* layer.h in Headers */,
				93F38E3C1AB56DE8009E3626 /* line2.h in Headers */,
				930D52021AD52BBF006EEF1B /* color_depth.h in Headers */,
				930398381AB2AEF400577048 /* enum.h in Headers */,
				93E913CA1AB2811500DDF7F9 /* line.h in Headers */,
				931CCB8C1AD88A150047542F /* graphics.h in Headers */,
				93CAA64D1AD1AD4B005EDC09 /* SLSApplicationMain.h in Headers */,
				930D51EA1AD42B76006EEF1B /* color.h in Headers */,
				933803351AD8B7EC00F41F92 /* core.h in Headers */,
				93BE2F3D1ADA1A7500175565 /* path.h in Headers */,
				93A45B341AD0CE2F00969DC2 /* benchmark.h in Headers */,
				93CAA60C1AD191DC005EDC09 /* SLSRunner.h in Headers */,
				93E913D41AB2811500DDF7F9 /* rect.h in Headers */,
				93A45B541AD14C4400969DC2 /* gesture_event.h in Headers */,
				93E913D81AB2811500DDF7F9 /* size2.h in Headers */,
				93EBABAF1AD97CED00BF8959 /* SLSDefines.h in Headers */,
				93E913EC1AB2811500DDF7F9 /* math.h in Headers */,
				93CAA6361AD1A2A5005EDC09 /* SLSNSApplicationDelegate.h in Headers */,
				934FAAAD1AD6E28700FACF2E /* sketch.h in Headers */,
				93E913E41AB2811500DDF7F9 /* vector.h in Headers */,
				93E913EA1AB2811500DDF7F9 /* vector4.h in Headers */,
				93EBABB11AD97CED00BF8959 /* SLSDisplayLink.h in Headers */,
				93CAA6131AD191E5005EDC09 /* SLSEventDelegate.h in Headers */,
				934FAAA61AD6E21600FACF2E /* processing.h in Headers */,
				93BE2F431ADA1A8100175565 /* shape.h in Headers */,
				930D51EE1AD42B76006EEF1B /* color4.h in Headers */,
				93CAA61B1AD19BE3005EDC09 /* SLSNSRunnerWindowController.h in Headers */,
				93A45B2D1AD0CE2500969DC2 /* promotion.h in Headers */,
				93A45B581AD14C4400969DC2 /* motion_event.h in Headers */,
				930D51EC1AD42B76006EEF1B /* color3.h in Headers */,
				933803291AD88DC200F41F92 /* font.h in Headers */,
				93A9C0071ACF59260081D3A0 /* SLSNSRunnerView.h in Headers */,
				93E913DE1AB2811500DDF7F9 /* sphere.h in Headers */,
				93A45B561AD14C4400969DC2 /* key_event.h in Headers */,
				93F38E911AB60972009E3626 /* thread.h in Headers */,
				93E913E81AB2811500DDF7F9 /* vector3.h in Headers */,
				93E913E21AB2811500DDF7F9 /* triangle.h in Headers */,
				93E913DA1AB2811500DDF7F9 /* size3.h in Headers */,
				934FAAA41AD6E21600FACF2E /* math.h in Headers */,
				93CAA6141AD191E5005EDC09 /* SLSEvents.h in Headers */,
				93F38E421AB5F859009E3626 /* triangle3.h in Headers */,
				93F38E3D1AB56DE8009E3626 /* line3.h in Headers */,
				939E96401AD250AF00A7E21E /* runner_factory.h in Headers */,
				93CAA6471AD1A843005EDC09 /* SLSNSBundle+Bundle.h in Headers */,
				930398351AB2AEE700577048 /* utility.h in Headers */,
				93F38E411AB5F859009E3626 /* triangle2.h in Headers */,
				933803231AD88BA800F41F92 /* style.h in Headers */,
				9303982B1AB2AE9900577048 /* constants.h in Headers */,
				93A9C00C1ACF63060081D3A0 /* polygon.h in Headers */,
				93A45B2F1AD0CE2500969DC2 /* axis.h in Headers */,
				93FEF9431AD943CF009D0646 /* SLSGraphicsContext.h in Headers */,
				93F38E471AB5FA8B009E3626 /* graphics.h in Headers */,
				93E913E61AB2811500DDF7F9 /* vector2.h in Headers */,
				93229E6D1ACD6DDA008D27EA /* singleton.h in Headers */,
				93A45B5C1AD14C4400969DC2 /* touch_event.h in Headers */,
				93E913CE1AB2811500DDF7F9 /* plane.h in Headers */,
				939E96811AD384C500A7E21E /* SLSRunnerLayer.h in Headers */,
				93F38E8D1AB60972009E3626 /* dispatch.h in Headers */,
				93FEF9A41AD97B2F009D0646 /* Solas.h in Headers */,
				93B707DB1AD692DF00E3E8AA /* app_event.h in Headers */,
				93EBABB01AD97CED00BF8959 /* SLSDisplayDelegate.h in Headers */,
				93229E711ACEAF05008D27EA /* null_mutex.h in Headers */,
				93E913D61AB2811500DDF7F9 /* size.h in Headers */,
				93A45B5A1AD14C4400969DC2 /* mouse_event.h in Headers */,
				93A45B2E1AD0CE2500969DC2 /* random.h in Headers */,
			);
			runOnlyForDeploymentPostprocessing = 0;
		};
		93E913731AB27E2600DDF7F9 /* Headers */ = {
			isa = PBXHeadersBuildPhase;
			buildActionMask = 2147483647;
			files = (
				934FAAA71AD6E21600FACF2E /* processing.h in Headers */,
				934FAAA51AD6E21600FACF2E /* math.h in Headers */,
				930398391AB2AEF400577048 /* enum.h in Headers */,
				93EBABB21AD97CEE00BF8959 /* SLSDefines.h in Headers */,
				93E913CB1AB2811500DDF7F9 /* line.h in Headers */,
				934FAAAE1AD6E28700FACF2E /* sketch.h in Headers */,
				93BE2F441ADA1A8100175565 /* shape.h in Headers */,
				939E96411AD250AF00A7E21E /* runner_factory.h in Headers */,
				93A45B301AD0CE2900969DC2 /* graphics.h in Headers */,
				93E913D51AB2811500DDF7F9 /* rect.h in Headers */,
				933803241AD88BA800F41F92 /* style.h in Headers */,
				930D51EF1AD42B76006EEF1B /* color4.h in Headers */,
				93E913D91AB2811500DDF7F9 /* size2.h in Headers */,
				93FEF9A51AD97B31009D0646 /* SolasTouch.h in Headers */,
				93A45B5D1AD14C4400969DC2 /* touch_event.h in Headers */,
				93229E6E1ACD6DDA008D27EA /* singleton.h in Headers */,
				93CAA60D1AD191DC005EDC09 /* SLSRunner.h in Headers */,
				93FEF9421AD943CF009D0646 /* SLSGraphicsContext.h in Headers */,
				930D51ED1AD42B76006EEF1B /* color3.h in Headers */,
				93CAA6111AD191E4005EDC09 /* SLSEvents.h in Headers */,
				93F38E921AB60972009E3626 /* thread.h in Headers */,
				93A45B571AD14C4400969DC2 /* key_event.h in Headers */,
				930D51EB1AD42B76006EEF1B /* color.h in Headers */,
				9338032A1AD88DC200F41F92 /* font.h in Headers */,
				93A45B281AD0CE2500969DC2 /* promotion.h in Headers */,
				93A45B5B1AD14C4400969DC2 /* mouse_event.h in Headers */,
				93EBABB31AD97CEE00BF8959 /* SLSDisplayDelegate.h in Headers */,
				93A45B291AD0CE2500969DC2 /* random.h in Headers */,
				93A45B331AD0CE2F00969DC2 /* benchmark.h in Headers */,
				93A45B551AD14C4400969DC2 /* gesture_event.h in Headers */,
				93E913ED1AB2811500DDF7F9 /* math.h in Headers */,
				933803361AD8B7EC00F41F92 /* core.h in Headers */,
				93E913E51AB2811500DDF7F9 /* vector.h in Headers */,
				93E913EB1AB2811500DDF7F9 /* vector4.h in Headers */,
				93E913DF1AB2811500DDF7F9 /* sphere.h in Headers */,
				93E913E91AB2811500DDF7F9 /* vector3.h in Headers */,
				93E913E31AB2811500DDF7F9 /* triangle.h in Headers */,
				93E913DB1AB2811500DDF7F9 /* size3.h in Headers */,
				93CAA6481AD1A843005EDC09 /* SLSNSBundle+Bundle.h in Headers */,
				93A45B2A1AD0CE2500969DC2 /* axis.h in Headers */,
				93229E901AD23DF3008D27EA /* SLSUIApplicationDelegate.h in Headers */,
				930398361AB2AEE700577048 /* utility.h in Headers */,
				93F38E8E1AB60972009E3626 /* dispatch.h in Headers */,
				9303982A1AB2AE9900577048 /* constants.h in Headers */,
				934FAAB41AD6E29200FACF2E /* layer.h in Headers */,
				93EBABB41AD97CEE00BF8959 /* SLSDisplayLink.h in Headers */,
				93E913E71AB2811500DDF7F9 /* vector2.h in Headers */,
				939E96821AD384C500A7E21E /* SLSRunnerLayer.h in Headers */,
				93229ED31AD2428E008D27EA /* SLSUIRunnerViewController.h in Headers */,
				93229E8C1AD23BB4008D27EA /* SLSUIRunnerView.h in Headers */,
				93A45B2B1AD0CE2500969DC2 /* polygon.h in Headers */,
				93A45B271AD0CE1E00969DC2 /* null_mutex.h in Headers */,
				93E913CF1AB2811500DDF7F9 /* plane.h in Headers */,
				93E913D71AB2811500DDF7F9 /* size.h in Headers */,
				93A45B461AD1438900969DC2 /* app.h in Headers */,
				93CAA6101AD191E4005EDC09 /* SLSEventDelegate.h in Headers */,
				93A45B591AD14C4400969DC2 /* motion_event.h in Headers */,
				931CCB8D1AD88A150047542F /* graphics.h in Headers */,
				93EBABB51AD97CEE00BF8959 /* SLSApplicationMain.h in Headers */,
			);
			runOnlyForDeploymentPostprocessing = 0;
		};
/* End PBXHeadersBuildPhase section */

/* Begin PBXNativeTarget section */
		930398481AB2B0DF00577048 /* SolasTest */ = {
			isa = PBXNativeTarget;
			buildConfigurationList = 9303984D1AB2B0DF00577048 /* Build configuration list for PBXNativeTarget "SolasTest" */;
			buildPhases = (
				930398451AB2B0DF00577048 /* Sources */,
				930398461AB2B0DF00577048 /* Frameworks */,
				930398471AB2B0DF00577048 /* CopyFiles */,
			);
			buildRules = (
			);
			dependencies = (
				938A07EC1AB2D7E300CAE8CA /* PBXTargetDependency */,
			);
			name = SolasTest;
			productName = SolasTest;
			productReference = 930398491AB2B0DF00577048 /* SolasTest */;
			productType = "com.apple.product-type.tool";
		};
		93E913571AB27DE400DDF7F9 /* Solas */ = {
			isa = PBXNativeTarget;
			buildConfigurationList = 93E9136B1AB27DE400DDF7F9 /* Build configuration list for PBXNativeTarget "Solas" */;
			buildPhases = (
				93E913531AB27DE400DDF7F9 /* Sources */,
				93E913541AB27DE400DDF7F9 /* Frameworks */,
				93E913551AB27DE400DDF7F9 /* Headers */,
				93E913561AB27DE400DDF7F9 /* Resources */,
				93EBABC61AD97F7A00BF8959 /* ShellScript */,
			);
			buildRules = (
			);
			dependencies = (
			);
			name = Solas;
			productName = Solas;
			productReference = 93E913581AB27DE400DDF7F9 /* Solas.framework */;
			productType = "com.apple.product-type.framework";
		};
		93E913751AB27E2600DDF7F9 /* SolasTouch */ = {
			isa = PBXNativeTarget;
			buildConfigurationList = 93E913891AB27E2600DDF7F9 /* Build configuration list for PBXNativeTarget "SolasTouch" */;
			buildPhases = (
				93E913711AB27E2600DDF7F9 /* Sources */,
				93E913721AB27E2600DDF7F9 /* Frameworks */,
				93E913731AB27E2600DDF7F9 /* Headers */,
				93E913741AB27E2600DDF7F9 /* Resources */,
			);
			buildRules = (
			);
			dependencies = (
			);
			name = SolasTouch;
			productName = SolasTouch;
			productReference = 93E913761AB27E2600DDF7F9 /* SolasTouch.framework */;
			productType = "com.apple.product-type.framework";
		};
/* End PBXNativeTarget section */

/* Begin PBXProject section */
		93F8AD6717C8B39800310877 /* Project object */ = {
			isa = PBXProject;
			attributes = {
				LastUpgradeCheck = 0630;
				ORGANIZATIONNAME = sgss;
				TargetAttributes = {
					930398481AB2B0DF00577048 = {
						CreatedOnToolsVersion = 6.1.1;
					};
					93E913571AB27DE400DDF7F9 = {
						CreatedOnToolsVersion = 6.1.1;
					};
					93E913751AB27E2600DDF7F9 = {
						CreatedOnToolsVersion = 6.1.1;
					};
				};
			};
			buildConfigurationList = 93F8AD6A17C8B39800310877 /* Build configuration list for PBXProject "Solas" */;
			compatibilityVersion = "Xcode 3.2";
			developmentRegion = English;
			hasScannedForEncodings = 0;
			knownRegions = (
				en,
				Base,
			);
			mainGroup = 93F8AD6617C8B39800310877;
			productRefGroup = 93F8AD7017C8B39800310877 /* Products */;
			projectDirPath = "";
			projectRoot = "";
			targets = (
				93E913571AB27DE400DDF7F9 /* Solas */,
				93E913751AB27E2600DDF7F9 /* SolasTouch */,
				930398481AB2B0DF00577048 /* SolasTest */,
			);
		};
/* End PBXProject section */

/* Begin PBXResourcesBuildPhase section */
		93E913561AB27DE400DDF7F9 /* Resources */ = {
			isa = PBXResourcesBuildPhase;
			buildActionMask = 2147483647;
			files = (
				93CAA6571AD1AF01005EDC09 /* SLSNSApplication.xib in Resources */,
				93CAA61F1AD19BE3005EDC09 /* SLSNSRunnerWindowController.xib in Resources */,
			);
			runOnlyForDeploymentPostprocessing = 0;
		};
		93E913741AB27E2600DDF7F9 /* Resources */ = {
			isa = PBXResourcesBuildPhase;
			buildActionMask = 2147483647;
			files = (
				93229ED51AD2428E008D27EA /* SLSUIRunnerViewController.xib in Resources */,
			);
			runOnlyForDeploymentPostprocessing = 0;
		};
/* End PBXResourcesBuildPhase section */

/* Begin PBXShellScriptBuildPhase section */
		93EBABC61AD97F7A00BF8959 /* ShellScript */ = {
			isa = PBXShellScriptBuildPhase;
			buildActionMask = 2147483647;
			files = (
			);
			inputPaths = (
			);
			outputPaths = (
			);
			runOnlyForDeploymentPostprocessing = 0;
			shellPath = /bin/sh;
			shellScript = "cd \"${PROJECT_DIR}/src/solas\"\nfor H in $(find . -name \"*.h\"); do\n  ditto \"${H}\" \"${BUILT_PRODUCTS_DIR}/${PUBLIC_HEADERS_FOLDER_PATH}/${H}\"\ndone";
		};
/* End PBXShellScriptBuildPhase section */

/* Begin PBXSourcesBuildPhase section */
		930398451AB2B0DF00577048 /* Sources */ = {
			isa = PBXSourcesBuildPhase;
			buildActionMask = 2147483647;
			files = (
				930398541AB2B1BD00577048 /* size_test.cc in Sources */,
				93EFE0761AB350E900148E7C /* rect_test.cc in Sources */,
				93F38E381AB56D2D009E3626 /* sphere_test.cc in Sources */,
				930398551AB2B1BD00577048 /* vector_test.cc in Sources */,
				930398531AB2B1BD00577048 /* plane_test.cc in Sources */,
			);
			runOnlyForDeploymentPostprocessing = 0;
		};
		93E913531AB27DE400DDF7F9 /* Sources */ = {
			isa = PBXSourcesBuildPhase;
			buildActionMask = 2147483647;
			files = (
				939E96831AD384C500A7E21E /* SLSRunnerLayer.mm in Sources */,
				93BE2F411ADA1A8100175565 /* shape.cc in Sources */,
				93CAA6491AD1A843005EDC09 /* SLSNSBundle+Bundle.m in Sources */,
				93CAA60E1AD191DC005EDC09 /* SLSRunner.mm in Sources */,
				93F38E8F1AB60972009E3626 /* dispatch.mm in Sources */,
				934FAAB11AD6E29200FACF2E /* layer.cc in Sources */,
				93CAA64F1AD1AD4B005EDC09 /* SLSNSApplicationMain.mm in Sources */,
				933803331AD8B7EC00F41F92 /* core.mm in Sources */,
				93FEF93D1AD941AF009D0646 /* SLSNSGraphicsContext.m in Sources */,
				93BE2F3C1ADA1A7500175565 /* path.cc in Sources */,
				93A9C0081ACF59260081D3A0 /* SLSNSRunnerView.mm in Sources */,
				939E963E1AD250AF00A7E21E /* runner_factory.cc in Sources */,
				939E968A1AD391F800A7E21E /* SLSCVDisplayLink.mm in Sources */,
				93CAA6541AD1AE32005EDC09 /* run.mm in Sources */,
				934FAAAB1AD6E28700FACF2E /* sketch.cc in Sources */,
				933803271AD88DC200F41F92 /* font.cc in Sources */,
				93A9BFFE1AC99A430081D3A0 /* benchmark.cc in Sources */,
				93CAA61D1AD19BE3005EDC09 /* SLSNSRunnerWindowController.m in Sources */,
				931CCB8A1AD88A150047542F /* graphics.cc in Sources */,
				93CAA6381AD1A2A5005EDC09 /* SLSNSApplicationDelegate.mm in Sources */,
			);
			runOnlyForDeploymentPostprocessing = 0;
		};
		93E913711AB27E2600DDF7F9 /* Sources */ = {
			isa = PBXSourcesBuildPhase;
			buildActionMask = 2147483647;
			files = (
				939E96841AD384C500A7E21E /* SLSRunnerLayer.mm in Sources */,
				93BE2F421ADA1A8100175565 /* shape.cc in Sources */,
				93229E911AD23DF3008D27EA /* SLSUIApplicationDelegate.mm in Sources */,
				93CAA6551AD1AE32005EDC09 /* run.mm in Sources */,
				93229ED41AD2428E008D27EA /* SLSUIRunnerViewController.m in Sources */,
				934FAAB21AD6E29200FACF2E /* layer.cc in Sources */,
				93CAA60F1AD191DC005EDC09 /* SLSRunner.mm in Sources */,
				933803341AD8B7EC00F41F92 /* core.mm in Sources */,
				93229EC71AD2409E008D27EA /* SLSUIApplicationMain.mm in Sources */,
				93BE2F3E1ADA1A7800175565 /* path.cc in Sources */,
				939E96861AD3864600A7E21E /* SLSCADisplayLink.m in Sources */,
				93F38E901AB60972009E3626 /* dispatch.mm in Sources */,
				93229E8D1AD23BB4008D27EA /* SLSUIRunnerView.mm in Sources */,
				939E963F1AD250AF00A7E21E /* runner_factory.cc in Sources */,
				934FAAAC1AD6E28700FACF2E /* sketch.cc in Sources */,
				933803281AD88DC200F41F92 /* font.cc in Sources */,
				93A9BFFF1AC99A430081D3A0 /* benchmark.cc in Sources */,
				931CCB8B1AD88A150047542F /* graphics.cc in Sources */,
				93CAA64A1AD1A843005EDC09 /* SLSNSBundle+Bundle.m in Sources */,
				93FEF9411AD941EA009D0646 /* SLSUIGraphicsContext.m in Sources */,
			);
			runOnlyForDeploymentPostprocessing = 0;
		};
/* End PBXSourcesBuildPhase section */

/* Begin PBXTargetDependency section */
		938A07EC1AB2D7E300CAE8CA /* PBXTargetDependency */ = {
			isa = PBXTargetDependency;
			target = 93E913571AB27DE400DDF7F9 /* Solas */;
			targetProxy = 938A07EB1AB2D7E300CAE8CA /* PBXContainerItemProxy */;
		};
/* End PBXTargetDependency section */

/* Begin XCBuildConfiguration section */
		9303984E1AB2B0DF00577048 /* Debug */ = {
			isa = XCBuildConfiguration;
			baseConfigurationReference = 93F3BBF91AA2080D00FBF369 /* Test.xcconfig */;
			buildSettings = {
				FRAMEWORK_SEARCH_PATHS = (
					"$(inherited)",
					"$(PROJECT_DIR)/build/boost/osx/framework",
				);
				MACOSX_DEPLOYMENT_TARGET = 10.9;
				ONLY_ACTIVE_ARCH = YES;
				PRODUCT_NAME = "$(TARGET_NAME)";
				SDKROOT = macosx;
			};
			name = Debug;
		};
		9303984F1AB2B0DF00577048 /* Release */ = {
			isa = XCBuildConfiguration;
			baseConfigurationReference = 93F3BBF91AA2080D00FBF369 /* Test.xcconfig */;
			buildSettings = {
				FRAMEWORK_SEARCH_PATHS = (
					"$(inherited)",
					"$(PROJECT_DIR)/build/boost/osx/framework",
				);
				MACOSX_DEPLOYMENT_TARGET = 10.9;
				PRODUCT_NAME = "$(TARGET_NAME)";
				SDKROOT = macosx;
			};
			name = Release;
		};
		93E9136C1AB27DE400DDF7F9 /* Debug */ = {
			isa = XCBuildConfiguration;
			baseConfigurationReference = 93F3BBFA1AA2080D00FBF369 /* Framework.xcconfig */;
			buildSettings = {
				CLANG_ENABLE_OBJC_ARC = YES;
				CURRENT_PROJECT_VERSION = 1;
				DEFINES_MODULE = NO;
				DYLIB_COMPATIBILITY_VERSION = 1;
				DYLIB_CURRENT_VERSION = 1;
				DYLIB_INSTALL_NAME_BASE = "@rpath";
				FRAMEWORK_SEARCH_PATHS = (
					"$(inherited)",
					"$(PROJECT_DIR)/build/boost/osx/framework",
				);
				FRAMEWORK_VERSION = A;
				INFOPLIST_FILE = config/Info.plist;
				INSTALL_PATH = "$(LOCAL_LIBRARY_DIR)/Frameworks";
				LD_RUNPATH_SEARCH_PATHS = "$(inherited) @executable_path/../Frameworks @loader_path/Frameworks";
				MACOSX_DEPLOYMENT_TARGET = 10.9;
				ONLY_ACTIVE_ARCH = YES;
				PRODUCT_NAME = "$(TARGET_NAME)";
				SDKROOT = macosx;
				SKIP_INSTALL = YES;
				VERSIONING_SYSTEM = "apple-generic";
				VERSION_INFO_PREFIX = "";
			};
			name = Debug;
		};
		93E9136D1AB27DE400DDF7F9 /* Release */ = {
			isa = XCBuildConfiguration;
			baseConfigurationReference = 93F3BBFA1AA2080D00FBF369 /* Framework.xcconfig */;
			buildSettings = {
				CLANG_ENABLE_OBJC_ARC = YES;
				CURRENT_PROJECT_VERSION = 1;
				DEFINES_MODULE = NO;
				DYLIB_COMPATIBILITY_VERSION = 1;
				DYLIB_CURRENT_VERSION = 1;
				DYLIB_INSTALL_NAME_BASE = "@rpath";
				FRAMEWORK_SEARCH_PATHS = (
					"$(inherited)",
					"$(PROJECT_DIR)/build/boost/osx/framework",
				);
				FRAMEWORK_VERSION = A;
				INFOPLIST_FILE = config/Info.plist;
				INSTALL_PATH = "$(LOCAL_LIBRARY_DIR)/Frameworks";
				LD_RUNPATH_SEARCH_PATHS = "$(inherited) @executable_path/../Frameworks @loader_path/Frameworks";
				MACOSX_DEPLOYMENT_TARGET = 10.9;
				PRODUCT_NAME = "$(TARGET_NAME)";
				SDKROOT = macosx;
				SKIP_INSTALL = YES;
				VERSIONING_SYSTEM = "apple-generic";
				VERSION_INFO_PREFIX = "";
			};
			name = Release;
		};
		93E9138A1AB27E2600DDF7F9 /* Debug */ = {
			isa = XCBuildConfiguration;
			baseConfigurationReference = 93F3BBFA1AA2080D00FBF369 /* Framework.xcconfig */;
			buildSettings = {
				CLANG_ENABLE_OBJC_ARC = YES;
				"CODE_SIGN_IDENTITY[sdk=iphoneos*]" = "iPhone Developer";
				CURRENT_PROJECT_VERSION = 1;
				DEFINES_MODULE = NO;
				DYLIB_COMPATIBILITY_VERSION = 1;
				DYLIB_CURRENT_VERSION = 1;
				DYLIB_INSTALL_NAME_BASE = "@rpath";
				FRAMEWORK_SEARCH_PATHS = (
					"$(inherited)",
					"$(PROJECT_DIR)/build/boost/ios/framework",
				);
				INFOPLIST_FILE = config/Info.plist;
				INSTALL_PATH = "$(LOCAL_LIBRARY_DIR)/Frameworks";
				IPHONEOS_DEPLOYMENT_TARGET = 8.1;
				LD_RUNPATH_SEARCH_PATHS = "$(inherited) @executable_path/Frameworks @loader_path/Frameworks";
				ONLY_ACTIVE_ARCH = YES;
				PRODUCT_NAME = "$(TARGET_NAME)";
				SDKROOT = iphoneos;
				SKIP_INSTALL = YES;
				TARGETED_DEVICE_FAMILY = "1,2";
				VERSIONING_SYSTEM = "apple-generic";
				VERSION_INFO_PREFIX = "";
			};
			name = Debug;
		};
		93E9138B1AB27E2600DDF7F9 /* Release */ = {
			isa = XCBuildConfiguration;
			baseConfigurationReference = 93F3BBFA1AA2080D00FBF369 /* Framework.xcconfig */;
			buildSettings = {
				CLANG_ENABLE_OBJC_ARC = YES;
				"CODE_SIGN_IDENTITY[sdk=iphoneos*]" = "iPhone Developer";
				CURRENT_PROJECT_VERSION = 1;
				DEFINES_MODULE = NO;
				DYLIB_COMPATIBILITY_VERSION = 1;
				DYLIB_CURRENT_VERSION = 1;
				DYLIB_INSTALL_NAME_BASE = "@rpath";
				FRAMEWORK_SEARCH_PATHS = (
					"$(inherited)",
					"$(PROJECT_DIR)/build/boost/ios/framework",
				);
				INFOPLIST_FILE = config/Info.plist;
				INSTALL_PATH = "$(LOCAL_LIBRARY_DIR)/Frameworks";
				IPHONEOS_DEPLOYMENT_TARGET = 8.1;
				LD_RUNPATH_SEARCH_PATHS = "$(inherited) @executable_path/Frameworks @loader_path/Frameworks";
				PRODUCT_NAME = "$(TARGET_NAME)";
				SDKROOT = iphoneos;
				SKIP_INSTALL = YES;
				TARGETED_DEVICE_FAMILY = "1,2";
				VALIDATE_PRODUCT = YES;
				VERSIONING_SYSTEM = "apple-generic";
				VERSION_INFO_PREFIX = "";
			};
			name = Release;
		};
		93F8AD7617C8B39800310877 /* Debug */ = {
			isa = XCBuildConfiguration;
			baseConfigurationReference = 93F3BBD01AA2056C00FBF369 /* ProjectDebug.xcconfig */;
			buildSettings = {
				ONLY_ACTIVE_ARCH = YES;
			};
			name = Debug;
		};
		93F8AD7717C8B39800310877 /* Release */ = {
			isa = XCBuildConfiguration;
			baseConfigurationReference = 93F3BBD11AA2056C00FBF369 /* ProjectRelease.xcconfig */;
			buildSettings = {
			};
			name = Release;
		};
/* End XCBuildConfiguration section */

/* Begin XCConfigurationList section */
		9303984D1AB2B0DF00577048 /* Build configuration list for PBXNativeTarget "SolasTest" */ = {
			isa = XCConfigurationList;
			buildConfigurations = (
				9303984E1AB2B0DF00577048 /* Debug */,
				9303984F1AB2B0DF00577048 /* Release */,
			);
			defaultConfigurationIsVisible = 0;
			defaultConfigurationName = Release;
		};
		93E9136B1AB27DE400DDF7F9 /* Build configuration list for PBXNativeTarget "Solas" */ = {
			isa = XCConfigurationList;
			buildConfigurations = (
				93E9136C1AB27DE400DDF7F9 /* Debug */,
				93E9136D1AB27DE400DDF7F9 /* Release */,
			);
			defaultConfigurationIsVisible = 0;
			defaultConfigurationName = Release;
		};
		93E913891AB27E2600DDF7F9 /* Build configuration list for PBXNativeTarget "SolasTouch" */ = {
			isa = XCConfigurationList;
			buildConfigurations = (
				93E9138A1AB27E2600DDF7F9 /* Debug */,
				93E9138B1AB27E2600DDF7F9 /* Release */,
			);
			defaultConfigurationIsVisible = 0;
			defaultConfigurationName = Release;
		};
		93F8AD6A17C8B39800310877 /* Build configuration list for PBXProject "Solas" */ = {
			isa = XCConfigurationList;
			buildConfigurations = (
				93F8AD7617C8B39800310877 /* Debug */,
				93F8AD7717C8B39800310877 /* Release */,
			);
			defaultConfigurationIsVisible = 0;
			defaultConfigurationName = Release;
		};
/* End XCConfigurationList section */
	};
	rootObject = 93F8AD6717C8B39800310877 /* Project object */;
}
