// !$*UTF8*$!
{
	archiveVersion = 1;
	classes = {
	};
	objectVersion = 46;
	objects = {

/* Begin PBXBuildFile section */
		93011E971B56B6AF004DD68F /* solas.h in Headers */ = {isa = PBXBuildFile; fileRef = 93011E961B56B6AF004DD68F /* solas.h */; };
		93011E981B56B6AF004DD68F /* solas.h in Headers */ = {isa = PBXBuildFile; fileRef = 93011E961B56B6AF004DD68F /* solas.h */; };
		93011E991B56B6AF004DD68F /* solas.h in Headers */ = {isa = PBXBuildFile; fileRef = 93011E961B56B6AF004DD68F /* solas.h */; };
		932E7E0C1B498E86004D8B89 /* libtakram_tween.a in Frameworks */ = {isa = PBXBuildFile; fileRef = 93E21F451B48E826000A374A /* libtakram_tween.a */; };
		9350587B1AEF555D0020E755 /* gesture_kind.h in Headers */ = {isa = PBXBuildFile; fileRef = 9350587A1AEF555B0020E755 /* gesture_kind.h */; };
		9350587D1AEF555E0020E755 /* gesture_kind.h in Headers */ = {isa = PBXBuildFile; fileRef = 9350587A1AEF555B0020E755 /* gesture_kind.h */; };
		935058CF1AEF6E2E0020E755 /* swipe_direction.h in Headers */ = {isa = PBXBuildFile; fileRef = 935058CE1AEF6E2E0020E755 /* swipe_direction.h */; };
		935058D11AEF6E2E0020E755 /* swipe_direction.h in Headers */ = {isa = PBXBuildFile; fileRef = 935058CE1AEF6E2E0020E755 /* swipe_direction.h */; };
		93547E791AF1267B00B4C6BE /* screen_edge.h in Headers */ = {isa = PBXBuildFile; fileRef = 93547E781AF1267B00B4C6BE /* screen_edge.h */; };
		93547E7B1AF1267B00B4C6BE /* screen_edge.h in Headers */ = {isa = PBXBuildFile; fileRef = 93547E781AF1267B00B4C6BE /* screen_edge.h */; };
		936732D41B56A7BE00CF0010 /* Solas.m in Sources */ = {isa = PBXBuildFile; fileRef = 936732D31B56A7BE00CF0010 /* Solas.m */; };
		936732D71B56A7D900CF0010 /* Solas.m in Sources */ = {isa = PBXBuildFile; fileRef = 936732D31B56A7BE00CF0010 /* Solas.m */; };
		936732D81B56A7DA00CF0010 /* Solas.m in Sources */ = {isa = PBXBuildFile; fileRef = 936732D31B56A7BE00CF0010 /* Solas.m */; };
				93F857DA1B564B0500C32E8D /* gesture_kind.h in Headers */,
				93F857DC1B564B0500C32E8D /* key_modifier.h in Headers */,
				93F857DD1B564B0500C32E8D /* SLSDisplaySource.h in Headers */,
				93F857DE1B564B0500C32E8D /* SLSAnimationSource.h in Headers */,
				93F857DF1B564B0500C32E8D /* SLSRunner.h in Headers */,
				93F858D11B56536000C32E8D /* SLSUIApplicationDelegate.h in Headers */,
				93F857E21B564B0500C32E8D /* SLSNSBundle+Bundle.h in Headers */,
				93F857E31B564B0500C32E8D /* SLSApplicationMain.h in Headers */,
				93F858C71B56536000C32E8D /* SLSUIOpenGLESView.h in Headers */,
				93F857E41B564B0500C32E8D /* screen_edge.h in Headers */,
				93F857E51B564B0500C32E8D /* null_mutex.h in Headers */,
				93F857E61B564B0500C32E8D /* motion_event.h in Headers */,
				93F857E71B564B0500C32E8D /* run.h in Headers */,
				93F857E81B564B0500C32E8D /* runner.h in Headers */,
				93F858C31B56536000C32E8D /* SLSUIEventSourceView.h in Headers */,
				93F857E91B564B0500C32E8D /* context_holder.h in Headers */,
				93F859301B57666800C32E8D /* runner_options.h in Headers */,
				93F857EA1B564B0500C32E8D /* app_event.h in Headers */,
				93F857EB1B564B0500C32E8D /* SLSEventSource.h in Headers */,
				93F857EC1B564B0500C32E8D /* enum.h in Headers */,
				93F857ED1B564B0500C32E8D /* math.h in Headers */,
				93F857EE1B564B0500C32E8D /* SLSEvents.h in Headers */,
				93F857EF1B564B0500C32E8D /* run_options.h in Headers */,
				93F858CB1B56536000C32E8D /* SLSUIOpenGLES3View.h in Headers */,
				93F857F11B564B0500C32E8D /* SLSDisplayLink.h in Headers */,
				93F857F31B564B0500C32E8D /* event_holder.h in Headers */,
				93F857F51B564B0500C32E8D /* layer.h in Headers */,
				93011E981B56B6AF004DD68F /* solas.h in Headers */,
				93F857F61B564B0500C32E8D /* gesture_event.h in Headers */,
				93F857F81B564B0500C32E8D /* view.h in Headers */,
				93F857F91B564B0500C32E8D /* swipe_direction.h in Headers */,
				93F857FA1B564B0500C32E8D /* mouse_event.h in Headers */,
				93F857FB1B564B0500C32E8D /* key_event.h in Headers */,
				93F857FD1B564B0500C32E8D /* SLSQuartzLayer.h in Headers */,
				93F857FF1B564B0500C32E8D /* mouse_button.h in Headers */,
				93F858C51B56536000C32E8D /* SLSUIView.h in Headers */,
				93F858001B564B0500C32E8D /* SLSEventDelegate.h in Headers */,
				93F858CD1B56536000C32E8D /* SLSUIQuartzView.h in Headers */,
				93F858011B564B0500C32E8D /* SLSDisplayDelegate.h in Headers */,
				93F858021B564B0500C32E8D /* runnable.h in Headers */,
				93F858C11B56536000C32E8D /* SLSUIViewController.h in Headers */,
				93F858031B564B0500C32E8D /* touch_event.h in Headers */,
				93F858041B564B0500C32E8D /* Solas.h in Headers */,
				93F858051B564B0500C32E8D /* composite.h in Headers */,
				93F858071B564B0500C32E8D /* backend.h in Headers */,
			);
			runOnlyForDeploymentPostprocessing = 0;
		};
/* End PBXHeadersBuildPhase section */

/* Begin PBXNativeTarget section */
		930398481AB2B0DF00577048 /* SolasTest */ = {
			isa = PBXNativeTarget;
			buildConfigurationList = 9303984D1AB2B0DF00577048 /* Build configuration list for PBXNativeTarget "SolasTest" */;
			buildPhases = (
				930398451AB2B0DF00577048 /* Sources */,
				930398461AB2B0DF00577048 /* Frameworks */,
				930398471AB2B0DF00577048 /* CopyFiles */,
			);
			buildRules = (
			);
			dependencies = (
				93E33C911AEBB6F7001F90DE /* PBXTargetDependency */,
			);
			name = SolasTest;
			productName = SolasTest;
			productReference = 930398491AB2B0DF00577048 /* SolasTest */;
			productType = "com.apple.product-type.tool";
		};
		936E241E1ADEA5550004C396 /* SolasStatic */ = {
			isa = PBXNativeTarget;
			buildConfigurationList = 936E24301ADEA5560004C396 /* Build configuration list for PBXNativeTarget "SolasStatic" */;
			buildPhases = (
				936E241B1ADEA5550004C396 /* Sources */,
				936E241C1ADEA5550004C396 /* Frameworks */,
				936E241D1ADEA5550004C396 /* Headers */,
			);
			buildRules = (
			);
			dependencies = (
				932E7E0B1B498E7F004D8B89 /* PBXTargetDependency */,
			);
			name = SolasStatic;
			productName = SolasStatic;
			productReference = 936E241F1ADEA5550004C396 /* libSolas.a */;
			productType = "com.apple.product-type.library.static";
		};
		93E913571AB27DE400DDF7F9 /* Solas */ = {
			isa = PBXNativeTarget;
			buildConfigurationList = 93E9136B1AB27DE400DDF7F9 /* Build configuration list for PBXNativeTarget "Solas" */;
			buildPhases = (
				93E913531AB27DE400DDF7F9 /* Sources */,
				93E913541AB27DE400DDF7F9 /* Frameworks */,
				93E913551AB27DE400DDF7F9 /* Headers */,
				93E913561AB27DE400DDF7F9 /* Resources */,
				93EBABC61AD97F7A00BF8959 /* ShellScript */,
			);
			buildRules = (
			);
			dependencies = (
				93E21F491B48E82F000A374A /* PBXTargetDependency */,
			);
			name = Solas;
			productName = Solas;
			productReference = 93E913581AB27DE400DDF7F9 /* Solas.framework */;
			productType = "com.apple.product-type.framework";
		};
		93F857C21B564B0500C32E8D /* Solas iOS */ = {
			isa = PBXNativeTarget;
			buildConfigurationList = 93F8580C1B564B0500C32E8D /* Build configuration list for PBXNativeTarget "Solas iOS" */;
			buildPhases = (
				93F857C91B564B0500C32E8D /* Sources */,
				93F857D31B564B0500C32E8D /* Frameworks */,
				93F857D71B564B0500C32E8D /* Headers */,
				93F858091B564B0500C32E8D /* Resources */,
				93F8580B1B564B0500C32E8D /* ShellScript */,
			);
			buildRules = (
			);
			dependencies = (
				93F8586A1B564E0000C32E8D /* PBXTargetDependency */,
			);
			name = "Solas iOS";
			productName = Solas;
			productReference = 93F8580F1B564B0500C32E8D /* Solas.framework */;
			productType = "com.apple.product-type.framework";
		};
/* End PBXNativeTarget section */

/* Begin PBXProject section */
		93F8AD6717C8B39800310877 /* Project object */ = {
			isa = PBXProject;
			attributes = {
				LastSwiftUpdateCheck = 0700;
				LastUpgradeCheck = 0700;
				ORGANIZATIONNAME = sgss;
				TargetAttributes = {
					930398481AB2B0DF00577048 = {
						CreatedOnToolsVersion = 6.1.1;
					};
					936E241E1ADEA5550004C396 = {
						CreatedOnToolsVersion = 6.2;
					};
					93E913571AB27DE400DDF7F9 = {
						CreatedOnToolsVersion = 6.1.1;
					};
					93F857C21B564B0500C32E8D = {
						DevelopmentTeam = CMMH8M4457;
					};
				};
			};
			buildConfigurationList = 93F8AD6A17C8B39800310877 /* Build configuration list for PBXProject "Solas" */;
			compatibilityVersion = "Xcode 3.2";
			developmentRegion = English;
			hasScannedForEncodings = 0;
			knownRegions = (
				en,
				Base,
			);
			mainGroup = 93F8AD6617C8B39800310877;
			productRefGroup = 93F8AD7017C8B39800310877 /* products */;
			projectDirPath = "";
			projectReferences = (
				{
					ProductGroup = 93E21F3D1B48E826000A374A /* Products */;
					ProjectRef = 93E21F2F1B48E7DE000A374A /* tween.xcodeproj */;
				},
			);
			projectRoot = "";
			targets = (
				93E913571AB27DE400DDF7F9 /* Solas */,
				93F857C21B564B0500C32E8D /* Solas iOS */,
				930398481AB2B0DF00577048 /* SolasTest */,
				936E241E1ADEA5550004C396 /* SolasStatic */,
			);
		};
/* End PBXProject section */

/* Begin PBXReferenceProxy section */
		93E21F431B48E826000A374A /* libtakram_tween.dylib */ = {
			isa = PBXReferenceProxy;
			fileType = "compiled.mach-o.dylib";
			path = libtakram_tween.dylib;
			remoteRef = 93E21F421B48E826000A374A /* PBXContainerItemProxy */;
			sourceTree = BUILT_PRODUCTS_DIR;
		};
		93E21F451B48E826000A374A /* libtakram_tween.a */ = {
			isa = PBXReferenceProxy;
			fileType = archive.ar;
			path = libtakram_tween.a;
			remoteRef = 93E21F441B48E826000A374A /* PBXContainerItemProxy */;
			sourceTree = BUILT_PRODUCTS_DIR;
		};
		93E21F471B48E826000A374A /* takram_tween_test */ = {
			isa = PBXReferenceProxy;
			fileType = "compiled.mach-o.executable";
			path = takram_tween_test;
			remoteRef = 93E21F461B48E826000A374A /* PBXContainerItemProxy */;
			sourceTree = BUILT_PRODUCTS_DIR;
		};
		93F8586D1B564E0100C32E8D /* libtakram_tween.a */ = {
			isa = PBXReferenceProxy;
			fileType = archive.ar;
			path = libtakram_tween.a;
			remoteRef = 93F8586C1B564E0100C32E8D /* PBXContainerItemProxy */;
			sourceTree = BUILT_PRODUCTS_DIR;
		};
/* End PBXReferenceProxy section */

/* Begin PBXResourcesBuildPhase section */
		93E913561AB27DE400DDF7F9 /* Resources */ = {
			isa = PBXResourcesBuildPhase;
			buildActionMask = 2147483647;
			files = (
				93F858AB1B56535B00C32E8D /* SLSNSApplication.xib in Resources */,
				93F858961B56535B00C32E8D /* SLSNSWindowController.xib in Resources */,
			);
			runOnlyForDeploymentPostprocessing = 0;
		};
		93F858091B564B0500C32E8D /* Resources */ = {
			isa = PBXResourcesBuildPhase;
			buildActionMask = 2147483647;
			files = (
			);
			runOnlyForDeploymentPostprocessing = 0;
		};
/* End PBXResourcesBuildPhase section */

/* Begin PBXShellScriptBuildPhase section */
		93EBABC61AD97F7A00BF8959 /* ShellScript */ = {
			isa = PBXShellScriptBuildPhase;
			buildActionMask = 2147483647;
			files = (
			);
			inputPaths = (
			);
			outputPaths = (
			);
			runOnlyForDeploymentPostprocessing = 0;
			shellPath = /bin/sh;
			shellScript = "pushd \"${PROJECT_DIR}/src\"\n  for H in $(find . -name \"*.h\"); do\n    ditto \"${H}\" \"${BUILT_PRODUCTS_DIR}/${PUBLIC_HEADERS_FOLDER_PATH}/${H}\"\n  done\npopd\npushd \"${TAKRAM_MATH_DIR}/src\"\n  for H in $(find . -name \"*.h\"); do\n    ditto \"${H}\" \"${BUILT_PRODUCTS_DIR}/${PUBLIC_HEADERS_FOLDER_PATH}/${H}\"\n  done\npopd\npushd \"${TAKRAM_TWEEN_DIR}/src\"\n  for H in $(find . -name \"*.h\"); do\n    ditto \"${H}\" \"${BUILT_PRODUCTS_DIR}/${PUBLIC_HEADERS_FOLDER_PATH}/${H}\"\n  done\npopd";
		};
		93F8580B1B564B0500C32E8D /* ShellScript */ = {
			isa = PBXShellScriptBuildPhase;
			buildActionMask = 2147483647;
			files = (
			);
			inputPaths = (
			);
			outputPaths = (
			);
			runOnlyForDeploymentPostprocessing = 0;
			shellPath = /bin/sh;
			shellScript = "pushd \"${PROJECT_DIR}/src\"\n  for H in $(find . -name \"*.h\"); do\n    ditto \"${H}\" \"${BUILT_PRODUCTS_DIR}/${PUBLIC_HEADERS_FOLDER_PATH}/${H}\"\n  done\npopd\npushd \"${TAKRAM_MATH_DIR}/src\"\n  for H in $(find . -name \"*.h\"); do\n    ditto \"${H}\" \"${BUILT_PRODUCTS_DIR}/${PUBLIC_HEADERS_FOLDER_PATH}/${H}\"\n  done\npopd\npushd \"${TAKRAM_TWEEN_DIR}/src\"\n  for H in $(find . -name \"*.h\"); do\n    ditto \"${H}\" \"${BUILT_PRODUCTS_DIR}/${PUBLIC_HEADERS_FOLDER_PATH}/${H}\"\n  done\npopd";
		};
/* End PBXShellScriptBuildPhase section */

/* Begin PBXSourcesBuildPhase section */
		930398451AB2B0DF00577048 /* Sources */ = {
			isa = PBXSourcesBuildPhase;
			buildActionMask = 2147483647;
			files = (
			);
			runOnlyForDeploymentPostprocessing = 0;
		};
		936E241B1ADEA5550004C396 /* Sources */ = {
			isa = PBXSourcesBuildPhase;
			buildActionMask = 2147483647;
			files = (
				936E248B1ADEA5A80004C396 /* SLSRunner.mm in Sources */,
				936E24901ADEA5A80004C396 /* SLSQuartzLayer.mm in Sources */,
				936E24981ADEA5A80004C396 /* SLSNSBundle+Bundle.m in Sources */,
				936E24481ADEA5A80004C396 /* view.cc in Sources */,
				937D92011AF6C0BC000D8302 /* layer_framebuffer.cc in Sources */,
				936732D81B56A7DA00CF0010 /* Solas.m in Sources */,
				936E24461ADEA5A80004C396 /* run.mm in Sources */,
			);
			runOnlyForDeploymentPostprocessing = 0;
		};
		93E913531AB27DE400DDF7F9 /* Sources */ = {
			isa = PBXSourcesBuildPhase;
			buildActionMask = 2147483647;
			files = (
				93F8589C1B56535B00C32E8D /* SLSNSView.m in Sources */,
				93CAA6491AD1A843005EDC09 /* SLSNSBundle+Bundle.m in Sources */,
				936732D41B56A7BE00CF0010 /* Solas.m in Sources */,
				93CAA60E1AD191DC005EDC09 /* SLSRunner.mm in Sources */,
				93F858A01B56535B00C32E8D /* SLSNSOpenGL3View.m in Sources */,
				93F858981B56535B00C32E8D /* SLSNSViewController.m in Sources */,
				93F858A41B56535B00C32E8D /* SLSNSOpenGLLayer.mm in Sources */,
				937D92001AF6C0BC000D8302 /* layer_framebuffer.cc in Sources */,
				93CAA6541AD1AE32005EDC09 /* run.mm in Sources */,
				93F858A61B56535B00C32E8D /* SLSNSQuartzView.m in Sources */,
				93F858951B56535B00C32E8D /* SLSNSWindowController.m in Sources */,
				937E13971ADBDEB9008DB7A7 /* SLSQuartzLayer.mm in Sources */,
				93F8589A1B56535B00C32E8D /* SLSNSEventSourceView.mm in Sources */,
				93F858A21B56535B00C32E8D /* SLSNSOpenGL4View.m in Sources */,
				93F858A81B56535B00C32E8D /* SLSNSApplicationMain.m in Sources */,
				93F858AA1B56535B00C32E8D /* SLSNSApplicationDelegate.mm in Sources */,
				93AD7CEB1ADD395500B42B9E /* view.cc in Sources */,
				93F858A71B56535B00C32E8D /* SLSCVDisplayLink.mm in Sources */,
				93F8589E1B56535B00C32E8D /* SLSNSOpenGLView.m in Sources */,
			);
			runOnlyForDeploymentPostprocessing = 0;
		};
		93F857C91B564B0500C32E8D /* Sources */ = {
			isa = PBXSourcesBuildPhase;
			buildActionMask = 2147483647;
			files = (
				93F858D21B56536000C32E8D /* SLSUIApplicationDelegate.mm in Sources */,
				93F857CA1B564B0500C32E8D /* SLSNSBundle+Bundle.m in Sources */,
				93F858C41B56536000C32E8D /* SLSUIEventSourceView.mm in Sources */,
				93F858CA1B56536000C32E8D /* SLSUIOpenGLES2View.m in Sources */,
				93F857CB1B564B0500C32E8D /* SLSRunner.mm in Sources */,
				93F858C81B56536000C32E8D /* SLSUIOpenGLESView.mm in Sources */,
				936732D71B56A7D900CF0010 /* Solas.m in Sources */,
				93F858C61B56536000C32E8D /* SLSUIView.m in Sources */,
				93F858CF1B56536000C32E8D /* SLSCADisplayLink.m in Sources */,
				93F858D01B56536000C32E8D /* SLSUIApplicationMain.mm in Sources */,
				93F857CF1B564B0500C32E8D /* run.mm in Sources */,
				93F858C21B56536000C32E8D /* SLSUIViewController.m in Sources */,
				93F858CE1B56536000C32E8D /* SLSUIQuartzView.m in Sources */,
				93F857D11B564B0500C32E8D /* SLSQuartzLayer.mm in Sources */,
				93F858CC1B56536000C32E8D /* SLSUIOpenGLES3View.m in Sources */,
				93F857D21B564B0500C32E8D /* view.cc in Sources */,
			);
			runOnlyForDeploymentPostprocessing = 0;
		};
/* End PBXSourcesBuildPhase section */

/* Begin PBXTargetDependency section */
		932E7E0B1B498E7F004D8B89 /* PBXTargetDependency */ = {
			isa = PBXTargetDependency;
			name = tween_static;
			targetProxy = 932E7E0A1B498E7F004D8B89 /* PBXContainerItemProxy */;
		};
		93E21F491B48E82F000A374A /* PBXTargetDependency */ = {
			isa = PBXTargetDependency;
			name = tween_static;
			targetProxy = 93E21F481B48E82F000A374A /* PBXContainerItemProxy */;
		};
		93E33C911AEBB6F7001F90DE /* PBXTargetDependency */ = {
			isa = PBXTargetDependency;
			target = 936E241E1ADEA5550004C396 /* SolasStatic */;
			targetProxy = 93E33C901AEBB6F7001F90DE /* PBXContainerItemProxy */;
		};
		93F8586A1B564E0000C32E8D /* PBXTargetDependency */ = {
			isa = PBXTargetDependency;
			name = tween_ios;
			targetProxy = 93F858691B564E0000C32E8D /* PBXContainerItemProxy */;
		};
/* End PBXTargetDependency section */

/* Begin XCBuildConfiguration section */
		9303984E1AB2B0DF00577048 /* Debug */ = {
			isa = XCBuildConfiguration;
			baseConfigurationReference = 9321018C1B48CE0400A63200 /* product_test.xcconfig */;
			buildSettings = {
				FRAMEWORK_SEARCH_PATHS = (
					"$(inherited)",
					"$(PROJECT_DIR)/build/boost/osx/framework",
				);
				ONLY_ACTIVE_ARCH = YES;
				PRODUCT_NAME = "$(TARGET_NAME)";
				SDKROOT = macosx;
			};
			name = Debug;
		};
		9303984F1AB2B0DF00577048 /* Release */ = {
			isa = XCBuildConfiguration;
			baseConfigurationReference = 9321018C1B48CE0400A63200 /* product_test.xcconfig */;
			buildSettings = {
				FRAMEWORK_SEARCH_PATHS = (
					"$(inherited)",
					"$(PROJECT_DIR)/build/boost/osx/framework",
				);
				PRODUCT_NAME = "$(TARGET_NAME)";
				SDKROOT = macosx;
			};
			name = Release;
		};
		936E24311ADEA5560004C396 /* Debug */ = {
			isa = XCBuildConfiguration;
			baseConfigurationReference = 9321018A1B48CE0400A63200 /* product_debug.xcconfig */;
			buildSettings = {
				CLANG_ENABLE_MODULES = YES;
				EXECUTABLE_PREFIX = lib;
				FRAMEWORK_SEARCH_PATHS = (
					"$(inherited)",
					"$(PROJECT_DIR)/build/boost/osx/framework",
				);
				LD_RUNPATH_SEARCH_PATHS = "$(inherited) @executable_path/../Frameworks @loader_path/../Frameworks";
				ONLY_ACTIVE_ARCH = YES;
				PRODUCT_NAME = "$(PROJECT_NAME)";
				SDKROOT = macosx;
			};
			name = Debug;
		};
		936E24321ADEA5560004C396 /* Release */ = {
			isa = XCBuildConfiguration;
			baseConfigurationReference = 9321018B1B48CE0400A63200 /* product_release.xcconfig */;
			buildSettings = {
				CLANG_ENABLE_MODULES = YES;
				EXECUTABLE_PREFIX = lib;
				FRAMEWORK_SEARCH_PATHS = (
					"$(inherited)",
					"$(PROJECT_DIR)/build/boost/osx/framework",
				);
				LD_RUNPATH_SEARCH_PATHS = "$(inherited) @executable_path/../Frameworks @loader_path/../Frameworks";
				PRODUCT_NAME = "$(PROJECT_NAME)";
				SDKROOT = macosx;
			};
			name = Release;
		};
		93E9136C1AB27DE400DDF7F9 /* Debug */ = {
			isa = XCBuildConfiguration;
			baseConfigurationReference = 9321018A1B48CE0400A63200 /* product_debug.xcconfig */;
			buildSettings = {
				CLANG_ENABLE_MODULES = YES;
				CURRENT_PROJECT_VERSION = 1;
				DEFINES_MODULE = YES;
				DYLIB_COMPATIBILITY_VERSION = 1;
				DYLIB_CURRENT_VERSION = 1;
				DYLIB_INSTALL_NAME_BASE = "@rpath";
				FRAMEWORK_SEARCH_PATHS = (
					"$(inherited)",
					"$(PROJECT_DIR)/build/boost/osx/framework",
				);
				FRAMEWORK_VERSION = A;
				INFOPLIST_FILE = config/framework.plist;
				INSTALL_PATH = "$(LOCAL_LIBRARY_DIR)/Frameworks";
				LD_RUNPATH_SEARCH_PATHS = "$(inherited) @executable_path/../Frameworks @loader_path/Frameworks";
				ONLY_ACTIVE_ARCH = YES;
				OTHER_LDFLAGS = (
					"$(inherited)",
					"-framework",
					AppKit,
					"-framework",
					CoreGraphics,
					"-framework",
					Foundation,
					"-framework",
					GLKit,
					"-framework",
					ImageIO,
					"-framework",
					OpenGL,
					"-framework",
					QuartzCore,
				);
				PRODUCT_NAME = "$(PROJECT_NAME)";
				SDKROOT = macosx;
				SKIP_INSTALL = YES;
				VERSIONING_SYSTEM = "apple-generic";
				VERSION_INFO_PREFIX = "";
			};
			name = Debug;
		};
		93E9136D1AB27DE400DDF7F9 /* Release */ = {
			isa = XCBuildConfiguration;
			baseConfigurationReference = 9321018B1B48CE0400A63200 /* product_release.xcconfig */;
			buildSettings = {
				CLANG_ENABLE_MODULES = YES;
				CURRENT_PROJECT_VERSION = 1;
				DEFINES_MODULE = YES;
				DYLIB_COMPATIBILITY_VERSION = 1;
				DYLIB_CURRENT_VERSION = 1;
				DYLIB_INSTALL_NAME_BASE = "@rpath";
				FRAMEWORK_SEARCH_PATHS = (
					"$(inherited)",
					"$(PROJECT_DIR)/build/boost/osx/framework",
				);
				FRAMEWORK_VERSION = A;
				INFOPLIST_FILE = config/framework.plist;
				INSTALL_PATH = "$(LOCAL_LIBRARY_DIR)/Frameworks";
				LD_RUNPATH_SEARCH_PATHS = "$(inherited) @executable_path/../Frameworks @loader_path/Frameworks";
				OTHER_LDFLAGS = (
					"$(inherited)",
					"-framework",
					AppKit,
					"-framework",
					CoreGraphics,
					"-framework",
					Foundation,
					"-framework",
					GLKit,
					"-framework",
					ImageIO,
					"-framework",
					OpenGL,
					"-framework",
					QuartzCore,
				);
				PRODUCT_NAME = "$(PROJECT_NAME)";
				SDKROOT = macosx;
				SKIP_INSTALL = YES;
				VERSIONING_SYSTEM = "apple-generic";
				VERSION_INFO_PREFIX = "";
			};
			name = Release;
		};
		93F8580D1B564B0500C32E8D /* Debug */ = {
			isa = XCBuildConfiguration;
			baseConfigurationReference = 9321018A1B48CE0400A63200 /* product_debug.xcconfig */;
			buildSettings = {
				CLANG_ENABLE_MODULES = YES;
				CODE_SIGN_IDENTITY = "iPhone Developer";
				CURRENT_PROJECT_VERSION = 1;
				DEFINES_MODULE = YES;
				DYLIB_COMPATIBILITY_VERSION = 1;
				DYLIB_CURRENT_VERSION = 1;
				DYLIB_INSTALL_NAME_BASE = "@rpath";
				FRAMEWORK_SEARCH_PATHS = (
					"$(inherited)",
					"$(PROJECT_DIR)/build/boost/osx/framework",
				);
				FRAMEWORK_VERSION = A;
				INFOPLIST_FILE = config/framework.plist;
				INSTALL_PATH = "$(LOCAL_LIBRARY_DIR)/Frameworks";
				LD_RUNPATH_SEARCH_PATHS = "$(inherited) @executable_path/../Frameworks @loader_path/Frameworks";
				ONLY_ACTIVE_ARCH = YES;
				OTHER_LDFLAGS = (
					"$(inherited)",
					"-framework",
					CoreGraphics,
					"-framework",
					Foundation,
					"-framework",
					GLKit,
					"-framework",
					ImageIO,
					"-framework",
					MobileCoreServices,
					"-framework",
					OpenGLES,
					"-framework",
					QuartzCore,
					"-framework",
					UIKit,
				);
				PRODUCT_NAME = Solas;
				SDKROOT = iphoneos;
				SKIP_INSTALL = YES;
				VERSIONING_SYSTEM = "apple-generic";
				VERSION_INFO_PREFIX = "";
			};
			name = Debug;
		};
		93F8580E1B564B0500C32E8D /* Release */ = {
			isa = XCBuildConfiguration;
			baseConfigurationReference = 9321018B1B48CE0400A63200 /* product_release.xcconfig */;
			buildSettings = {
				CLANG_ENABLE_MODULES = YES;
				CODE_SIGN_IDENTITY = "iPhone Developer";
				CURRENT_PROJECT_VERSION = 1;
				DEFINES_MODULE = YES;
				DYLIB_COMPATIBILITY_VERSION = 1;
				DYLIB_CURRENT_VERSION = 1;
				DYLIB_INSTALL_NAME_BASE = "@rpath";
				FRAMEWORK_SEARCH_PATHS = (
					"$(inherited)",
					"$(PROJECT_DIR)/build/boost/osx/framework",
				);
				FRAMEWORK_VERSION = A;
				INFOPLIST_FILE = config/framework.plist;
				INSTALL_PATH = "$(LOCAL_LIBRARY_DIR)/Frameworks";
				LD_RUNPATH_SEARCH_PATHS = "$(inherited) @executable_path/../Frameworks @loader_path/Frameworks";
				OTHER_LDFLAGS = (
					"$(inherited)",
					"-framework",
					CoreGraphics,
					"-framework",
					Foundation,
					"-framework",
					GLKit,
					"-framework",
					ImageIO,
					"-framework",
					MobileCoreServices,
					"-framework",
					OpenGLES,
					"-framework",
					QuartzCore,
					"-framework",
					UIKit,
				);
				PRODUCT_NAME = Solas;
				SDKROOT = iphoneos;
				SKIP_INSTALL = YES;
				VERSIONING_SYSTEM = "apple-generic";
				VERSION_INFO_PREFIX = "";
			};
			name = Release;
		};
		93F8AD7617C8B39800310877 /* Debug */ = {
			isa = XCBuildConfiguration;
			baseConfigurationReference = 9321018E1B48CE0400A63200 /* project_debug.xcconfig */;
			buildSettings = {
				MACOSX_DEPLOYMENT_TARGET = "";
				ONLY_ACTIVE_ARCH = YES;
			};
			name = Debug;
		};
		93F8AD7717C8B39800310877 /* Release */ = {
			isa = XCBuildConfiguration;
			baseConfigurationReference = 9321018F1B48CE0400A63200 /* project_release.xcconfig */;
			buildSettings = {
				MACOSX_DEPLOYMENT_TARGET = "";
			};
			name = Release;
		};
/* End XCBuildConfiguration section */

/* Begin XCConfigurationList section */
		9303984D1AB2B0DF00577048 /* Build configuration list for PBXNativeTarget "SolasTest" */ = {
			isa = XCConfigurationList;
			buildConfigurations = (
				9303984E1AB2B0DF00577048 /* Debug */,
				9303984F1AB2B0DF00577048 /* Release */,
			);
			defaultConfigurationIsVisible = 0;
			defaultConfigurationName = Release;
		};
		936E24301ADEA5560004C396 /* Build configuration list for PBXNativeTarget "SolasStatic" */ = {
			isa = XCConfigurationList;
			buildConfigurations = (
				936E24311ADEA5560004C396 /* Debug */,
				936E24321ADEA5560004C396 /* Release */,
			);
			defaultConfigurationIsVisible = 0;
			defaultConfigurationName = Release;
		};
		93E9136B1AB27DE400DDF7F9 /* Build configuration list for PBXNativeTarget "Solas" */ = {
			isa = XCConfigurationList;
			buildConfigurations = (
				93E9136C1AB27DE400DDF7F9 /* Debug */,
				93E9136D1AB27DE400DDF7F9 /* Release */,
			);
			defaultConfigurationIsVisible = 0;
			defaultConfigurationName = Release;
		};
		93F8580C1B564B0500C32E8D /* Build configuration list for PBXNativeTarget "Solas iOS" */ = {
			isa = XCConfigurationList;
			buildConfigurations = (
				93F8580D1B564B0500C32E8D /* Debug */,
				93F8580E1B564B0500C32E8D /* Release */,
			);
			defaultConfigurationIsVisible = 0;
			defaultConfigurationName = Release;
		};
		93F8AD6A17C8B39800310877 /* Build configuration list for PBXProject "Solas" */ = {
			isa = XCConfigurationList;
			buildConfigurations = (
				93F8AD7617C8B39800310877 /* Debug */,
				93F8AD7717C8B39800310877 /* Release */,
			);
			defaultConfigurationIsVisible = 0;
			defaultConfigurationName = Release;
		};
/* End XCConfigurationList section */
	};
	rootObject = 93F8AD6717C8B39800310877 /* Project object */;
}
